
Microsoft Visual Studio Solution File, Format Version 12.00
# Visual Studio Version 17
VisualStudioVersion = 17.7.34003.232
MinimumVisualStudioVersion = 10.0.40219.1
Project("{FAE04EC0-301F-11D3-BF4B-00C04F79EFBC}") = "ConsoleApp1", "ConsoleApp1\ConsoleApp1.csproj", "{70EA55D8-D5D5-44DF-9FE6-A9BBA872EE48}"
EndProject
Global
	GlobalSection(SolutionConfigurationPlatforms) = preSolution
		Debug|Any CPU = Debug|Any CPU
		Release|Any CPU = Release|Any CPU
	EndGlobalSection
	GlobalSection(ProjectConfigurationPlatforms) = postSolution
		{70EA55D8-D5D5-44DF-9FE6-A9BBA872EE48}.Debug|Any CPU.ActiveCfg = Debug|Any CPU
		{70EA55D8-D5D5-44DF-9FE6-A9BBA872EE48}.Debug|Any CPU.Build.0 = Debug|Any CPU
		{70EA55D8-D5D5-44DF-9FE6-A9BBA872EE48}.Release|Any CPU.ActiveCfg = Release|Any CPU
		{70EA55D8-D5D5-44DF-9FE6-A9BBA872EE48}.Release|Any CPU.Build.0 = Release|Any CPU
	EndGlobalSection
	GlobalSection(SolutionProperties) = preSolution
		HideSolutionNode = FALSE
	EndGlobalSection
	GlobalSection(ExtensibilityGlobals) = postSolution
		SolutionGuid = {DB671F14-F9B6-4415-90BA-F16518A96EEE}
	EndGlobalSection
EndGlobal
