
Microsoft Visual Studio Solution File, Format Version 12.00
# Visual Studio Version 17
VisualStudioVersion = 17.8.34330.188
MinimumVisualStudioVersion = 10.0.40219.1
Project("{FAE04EC0-301F-11D3-BF4B-00C04F79EFBC}") = "XML_Write_Read", "XML_Write_Read\XML_Write_Read.csproj", "{18267D68-FBF9-4F34-965A-53299D24F531}"
EndProject
Global
	GlobalSection(SolutionConfigurationPlatforms) = preSolution
		Debug|Any CPU = Debug|Any CPU
		Release|Any CPU = Release|Any CPU
	EndGlobalSection
	GlobalSection(ProjectConfigurationPlatforms) = postSolution
		{18267D68-FBF9-4F34-965A-53299D24F531}.Debug|Any CPU.ActiveCfg = Debug|Any CPU
		{18267D68-FBF9-4F34-965A-53299D24F531}.Debug|Any CPU.Build.0 = Debug|Any CPU
		{18267D68-FBF9-4F34-965A-53299D24F531}.Release|Any CPU.ActiveCfg = Release|Any CPU
		{18267D68-FBF9-4F34-965A-53299D24F531}.Release|Any CPU.Build.0 = Release|Any CPU
	EndGlobalSection
	GlobalSection(SolutionProperties) = preSolution
		HideSolutionNode = FALSE
	EndGlobalSection
	GlobalSection(ExtensibilityGlobals) = postSolution
		SolutionGuid = {24130BB5-F65A-4A94-ADC1-1AD5406A63CE}
	EndGlobalSection
EndGlobal
