
Microsoft Visual Studio Solution File, Format Version 12.00
# Visual Studio Version 17
VisualStudioVersion = 17.7.34003.232
MinimumVisualStudioVersion = 10.0.40219.1
Project("{FAE04EC0-301F-11D3-BF4B-00C04F79EFBC}") = "RabbitMQ.Consumer", "RabbitMQ.Consumer\RabbitMQ.Consumer.csproj", "{04EF85B7-6C19-4DAA-A4F4-2DE794774906}"
EndProject
Project("{FAE04EC0-301F-11D3-BF4B-00C04F79EFBC}") = "RabbitMQ.Publisher", "RabbitMQ.Publisher\RabbitMQ.Publisher.csproj", "{0A5E7218-E041-4831-9EF7-B859CD42600C}"
EndProject
Global
	GlobalSection(SolutionConfigurationPlatforms) = preSolution
		Debug|Any CPU = Debug|Any CPU
		Release|Any CPU = Release|Any CPU
	EndGlobalSection
	GlobalSection(ProjectConfigurationPlatforms) = postSolution
		{04EF85B7-6C19-4DAA-A4F4-2DE794774906}.Debug|Any CPU.ActiveCfg = Debug|Any CPU
		{04EF85B7-6C19-4DAA-A4F4-2DE794774906}.Debug|Any CPU.Build.0 = Debug|Any CPU
		{04EF85B7-6C19-4DAA-A4F4-2DE794774906}.Release|Any CPU.ActiveCfg = Release|Any CPU
		{04EF85B7-6C19-4DAA-A4F4-2DE794774906}.Release|Any CPU.Build.0 = Release|Any CPU
		{0A5E7218-E041-4831-9EF7-B859CD42600C}.Debug|Any CPU.ActiveCfg = Debug|Any CPU
		{0A5E7218-E041-4831-9EF7-B859CD42600C}.Debug|Any CPU.Build.0 = Debug|Any CPU
		{0A5E7218-E041-4831-9EF7-B859CD42600C}.Release|Any CPU.ActiveCfg = Release|Any CPU
		{0A5E7218-E041-4831-9EF7-B859CD42600C}.Release|Any CPU.Build.0 = Release|Any CPU
	EndGlobalSection
	GlobalSection(SolutionProperties) = preSolution
		HideSolutionNode = FALSE
	EndGlobalSection
	GlobalSection(ExtensibilityGlobals) = postSolution
		SolutionGuid = {C99EB728-D721-4D16-A136-A2D185F27ED9}
	EndGlobalSection
EndGlobal
