
Microsoft Visual Studio Solution File, Format Version 12.00
# Visual Studio Version 17
VisualStudioVersion = 17.7.34003.232
MinimumVisualStudioVersion = 10.0.40219.1
Project("{9A19103F-16F7-4668-BE54-9A1E7A4F7556}") = "RabbitMQ.Consumer", "RabbitMQ.Consumer\RabbitMQ.Consumer.csproj", "{04EF85B7-6C19-4DAA-A4F4-2DE794774906}"
EndProject
Project("{9A19103F-16F7-4668-BE54-9A1E7A4F7556}") = "RabbitMQ.Publisher", "RabbitMQ.Publisher\RabbitMQ.Publisher.csproj", "{0A5E7218-E041-4831-9EF7-B859CD42600C}"
EndProject
Project("{9A19103F-16F7-4668-BE54-9A1E7A4F7556}") = "RabbitMQ.Direct.Exchange.Publisher", "RabbitMQ.Direct.Exchange.Publisher\RabbitMQ.Direct.Exchange.Publisher.csproj", "{ED7C2978-E6D7-4C5E-AEA7-5196BD546B7F}"
EndProject
Project("{9A19103F-16F7-4668-BE54-9A1E7A4F7556}") = "RabbitMQ.Direct.Exchange.Consumer", "RabbitMQ.Direct.Exchange.Consumer\RabbitMQ.Direct.Exchange.Consumer.csproj", "{AF0D0B1C-84EF-4C24-907B-313842DE65EA}"
EndProject
Project("{9A19103F-16F7-4668-BE54-9A1E7A4F7556}") = "RabbitMQ.Fanout.Exchange.Publisher", "RabbitMQ.Fanout.Exchange.Publisher\RabbitMQ.Fanout.Exchange.Publisher.csproj", "{D0116183-F5ED-4A75-9F54-1C04DDFB053B}"
EndProject
Project("{9A19103F-16F7-4668-BE54-9A1E7A4F7556}") = "RabbitMQ.Fanout.Exchange.Consumer", "RabbitMQ.Fanout.Exchange.Consumer\RabbitMQ.Fanout.Exchange.Consumer.csproj", "{21AA28D3-ED12-46EC-93A1-8B0A72D512AE}"
EndProject
Project("{9A19103F-16F7-4668-BE54-9A1E7A4F7556}") = "RabbitMQ.Topic.Exchange.Publisher", "RabbitMQ.Topic.Exchange.Publisher\RabbitMQ.Topic.Exchange.Publisher.csproj", "{12E4A899-AB82-4046-B749-434E336F4418}"
EndProject
Project("{9A19103F-16F7-4668-BE54-9A1E7A4F7556}") = "RabbitMQ.Topic.Exchange.Consumer", "RabbitMQ.Topic.Exchange.Consumer\RabbitMQ.Topic.Exchange.Consumer.csproj", "{54E640D1-3079-41EF-A840-92C8AAC4E6EE}"
EndProject
Project("{9A19103F-16F7-4668-BE54-9A1E7A4F7556}") = "RabbitMQ.Header.Exchange.Publisher", "RabbitMQ.Header.Exchange.Publisher\RabbitMQ.Header.Exchange.Publisher.csproj", "{F9E64357-3FC4-4042-827A-21E786826B0C}"
EndProject
Project("{9A19103F-16F7-4668-BE54-9A1E7A4F7556}") = "RabbitMQ.Header.Exchange.Consumer", "RabbitMQ.Header.Exchange.Consumer\RabbitMQ.Header.Exchange.Consumer.csproj", "{F5E143AE-C95E-4D9D-BE58-FC195DDBA15D}"
EndProject
Project("{9A19103F-16F7-4668-BE54-9A1E7A4F7556}") = "RabbitMQ.Message.Templates.Publisher", "RabbitMQ.Message.Templates.Publisher\RabbitMQ.Message.Templates.Publisher.csproj", "{8BCE0F93-4EB9-4AC6-967D-5D798CFBB18E}"
EndProject
Project("{9A19103F-16F7-4668-BE54-9A1E7A4F7556}") = "RabbitMQ.Message.Templates.Consumer", "RabbitMQ.Message.Templates.Consumer\RabbitMQ.Message.Templates.Consumer.csproj", "{A190AEFB-8DD8-4534-9DF3-538E8F48FE64}"
EndProject
Project("{9A19103F-16F7-4668-BE54-9A1E7A4F7556}") = "RabbitMQ.ESB.MassTransit.Consumer", "RabbitMQ.ESB.MassTransit.Consumer\RabbitMQ.ESB.MassTransit.Consumer.csproj", "{8FA745EF-5FE1-4836-95BD-A6A309F89670}"
EndProject
Project("{9A19103F-16F7-4668-BE54-9A1E7A4F7556}") = "RabbitMQ.ESB.MassTransit.Publisher", "RabbitMQ.ESB.MassTransit.Publisher\RabbitMQ.ESB.MassTransit.Publisher.csproj", "{091105F3-36B7-4786-A6FE-D8DDB3D5432F}"
EndProject
Project("{9A19103F-16F7-4668-BE54-9A1E7A4F7556}") = "RabbitMQ.ESB.MassTransit.Shared", "RabbitMQ.ESB.MassTransit.Shared\RabbitMQ.ESB.MassTransit.Shared.csproj", "{1BFD8262-4808-40CC-8D5B-AFE8DFDFB648}"
EndProject
Project("{FAE04EC0-301F-11D3-BF4B-00C04F79EFBC}") = "RabbitMQ.ESB.MassTransit.WorkerService.Publisher", "RabbitMQ.ESB.MassTransit.WorkerService.Publisher\RabbitMQ.ESB.MassTransit.WorkerService.Publisher.csproj", "{523D1CA1-F8B1-4D59-85E9-5BD71E866BE8}"
EndProject
Project("{FAE04EC0-301F-11D3-BF4B-00C04F79EFBC}") = "RabbitMQ.ESB.MassTransit.WorkerService.Consumer", "RabbitMQ.ESB.MassTransit.WorkerService.Consumer\RabbitMQ.ESB.MassTransit.WorkerService.Consumer.csproj", "{90B9E4C3-DCDE-4865-A355-F8A00AF458DD}"
EndProject
Global
	GlobalSection(SolutionConfigurationPlatforms) = preSolution
		Debug|Any CPU = Debug|Any CPU
		Release|Any CPU = Release|Any CPU
	EndGlobalSection
	GlobalSection(ProjectConfigurationPlatforms) = postSolution
		{04EF85B7-6C19-4DAA-A4F4-2DE794774906}.Debug|Any CPU.ActiveCfg = Debug|Any CPU
		{04EF85B7-6C19-4DAA-A4F4-2DE794774906}.Debug|Any CPU.Build.0 = Debug|Any CPU
		{04EF85B7-6C19-4DAA-A4F4-2DE794774906}.Release|Any CPU.ActiveCfg = Release|Any CPU
		{04EF85B7-6C19-4DAA-A4F4-2DE794774906}.Release|Any CPU.Build.0 = Release|Any CPU
		{0A5E7218-E041-4831-9EF7-B859CD42600C}.Debug|Any CPU.ActiveCfg = Debug|Any CPU
		{0A5E7218-E041-4831-9EF7-B859CD42600C}.Debug|Any CPU.Build.0 = Debug|Any CPU
		{0A5E7218-E041-4831-9EF7-B859CD42600C}.Release|Any CPU.ActiveCfg = Release|Any CPU
		{0A5E7218-E041-4831-9EF7-B859CD42600C}.Release|Any CPU.Build.0 = Release|Any CPU
		{ED7C2978-E6D7-4C5E-AEA7-5196BD546B7F}.Debug|Any CPU.ActiveCfg = Debug|Any CPU
		{ED7C2978-E6D7-4C5E-AEA7-5196BD546B7F}.Debug|Any CPU.Build.0 = Debug|Any CPU
		{ED7C2978-E6D7-4C5E-AEA7-5196BD546B7F}.Release|Any CPU.ActiveCfg = Release|Any CPU
		{ED7C2978-E6D7-4C5E-AEA7-5196BD546B7F}.Release|Any CPU.Build.0 = Release|Any CPU
		{AF0D0B1C-84EF-4C24-907B-313842DE65EA}.Debug|Any CPU.ActiveCfg = Debug|Any CPU
		{AF0D0B1C-84EF-4C24-907B-313842DE65EA}.Debug|Any CPU.Build.0 = Debug|Any CPU
		{AF0D0B1C-84EF-4C24-907B-313842DE65EA}.Release|Any CPU.ActiveCfg = Release|Any CPU
		{AF0D0B1C-84EF-4C24-907B-313842DE65EA}.Release|Any CPU.Build.0 = Release|Any CPU
		{D0116183-F5ED-4A75-9F54-1C04DDFB053B}.Debug|Any CPU.ActiveCfg = Debug|Any CPU
		{D0116183-F5ED-4A75-9F54-1C04DDFB053B}.Debug|Any CPU.Build.0 = Debug|Any CPU
		{D0116183-F5ED-4A75-9F54-1C04DDFB053B}.Release|Any CPU.ActiveCfg = Release|Any CPU
		{D0116183-F5ED-4A75-9F54-1C04DDFB053B}.Release|Any CPU.Build.0 = Release|Any CPU
		{21AA28D3-ED12-46EC-93A1-8B0A72D512AE}.Debug|Any CPU.ActiveCfg = Debug|Any CPU
		{21AA28D3-ED12-46EC-93A1-8B0A72D512AE}.Debug|Any CPU.Build.0 = Debug|Any CPU
		{21AA28D3-ED12-46EC-93A1-8B0A72D512AE}.Release|Any CPU.ActiveCfg = Release|Any CPU
		{21AA28D3-ED12-46EC-93A1-8B0A72D512AE}.Release|Any CPU.Build.0 = Release|Any CPU
		{12E4A899-AB82-4046-B749-434E336F4418}.Debug|Any CPU.ActiveCfg = Debug|Any CPU
		{12E4A899-AB82-4046-B749-434E336F4418}.Debug|Any CPU.Build.0 = Debug|Any CPU
		{12E4A899-AB82-4046-B749-434E336F4418}.Release|Any CPU.ActiveCfg = Release|Any CPU
		{12E4A899-AB82-4046-B749-434E336F4418}.Release|Any CPU.Build.0 = Release|Any CPU
		{54E640D1-3079-41EF-A840-92C8AAC4E6EE}.Debug|Any CPU.ActiveCfg = Debug|Any CPU
		{54E640D1-3079-41EF-A840-92C8AAC4E6EE}.Debug|Any CPU.Build.0 = Debug|Any CPU
		{54E640D1-3079-41EF-A840-92C8AAC4E6EE}.Release|Any CPU.ActiveCfg = Release|Any CPU
		{54E640D1-3079-41EF-A840-92C8AAC4E6EE}.Release|Any CPU.Build.0 = Release|Any CPU
		{F9E64357-3FC4-4042-827A-21E786826B0C}.Debug|Any CPU.ActiveCfg = Debug|Any CPU
		{F9E64357-3FC4-4042-827A-21E786826B0C}.Debug|Any CPU.Build.0 = Debug|Any CPU
		{F9E64357-3FC4-4042-827A-21E786826B0C}.Release|Any CPU.ActiveCfg = Release|Any CPU
		{F9E64357-3FC4-4042-827A-21E786826B0C}.Release|Any CPU.Build.0 = Release|Any CPU
		{F5E143AE-C95E-4D9D-BE58-FC195DDBA15D}.Debug|Any CPU.ActiveCfg = Debug|Any CPU
		{F5E143AE-C95E-4D9D-BE58-FC195DDBA15D}.Debug|Any CPU.Build.0 = Debug|Any CPU
		{F5E143AE-C95E-4D9D-BE58-FC195DDBA15D}.Release|Any CPU.ActiveCfg = Release|Any CPU
		{F5E143AE-C95E-4D9D-BE58-FC195DDBA15D}.Release|Any CPU.Build.0 = Release|Any CPU
		{8BCE0F93-4EB9-4AC6-967D-5D798CFBB18E}.Debug|Any CPU.ActiveCfg = Debug|Any CPU
		{8BCE0F93-4EB9-4AC6-967D-5D798CFBB18E}.Debug|Any CPU.Build.0 = Debug|Any CPU
		{8BCE0F93-4EB9-4AC6-967D-5D798CFBB18E}.Release|Any CPU.ActiveCfg = Release|Any CPU
		{8BCE0F93-4EB9-4AC6-967D-5D798CFBB18E}.Release|Any CPU.Build.0 = Release|Any CPU
		{A190AEFB-8DD8-4534-9DF3-538E8F48FE64}.Debug|Any CPU.ActiveCfg = Debug|Any CPU
		{A190AEFB-8DD8-4534-9DF3-538E8F48FE64}.Debug|Any CPU.Build.0 = Debug|Any CPU
		{A190AEFB-8DD8-4534-9DF3-538E8F48FE64}.Release|Any CPU.ActiveCfg = Release|Any CPU
		{A190AEFB-8DD8-4534-9DF3-538E8F48FE64}.Release|Any CPU.Build.0 = Release|Any CPU
		{8FA745EF-5FE1-4836-95BD-A6A309F89670}.Debug|Any CPU.ActiveCfg = Debug|Any CPU
		{8FA745EF-5FE1-4836-95BD-A6A309F89670}.Debug|Any CPU.Build.0 = Debug|Any CPU
		{8FA745EF-5FE1-4836-95BD-A6A309F89670}.Release|Any CPU.ActiveCfg = Release|Any CPU
		{8FA745EF-5FE1-4836-95BD-A6A309F89670}.Release|Any CPU.Build.0 = Release|Any CPU
		{091105F3-36B7-4786-A6FE-D8DDB3D5432F}.Debug|Any CPU.ActiveCfg = Debug|Any CPU
		{091105F3-36B7-4786-A6FE-D8DDB3D5432F}.Debug|Any CPU.Build.0 = Debug|Any CPU
		{091105F3-36B7-4786-A6FE-D8DDB3D5432F}.Release|Any CPU.ActiveCfg = Release|Any CPU
		{091105F3-36B7-4786-A6FE-D8DDB3D5432F}.Release|Any CPU.Build.0 = Release|Any CPU
		{1BFD8262-4808-40CC-8D5B-AFE8DFDFB648}.Debug|Any CPU.ActiveCfg = Debug|Any CPU
		{1BFD8262-4808-40CC-8D5B-AFE8DFDFB648}.Debug|Any CPU.Build.0 = Debug|Any CPU
		{1BFD8262-4808-40CC-8D5B-AFE8DFDFB648}.Release|Any CPU.ActiveCfg = Release|Any CPU
		{1BFD8262-4808-40CC-8D5B-AFE8DFDFB648}.Release|Any CPU.Build.0 = Release|Any CPU
		{523D1CA1-F8B1-4D59-85E9-5BD71E866BE8}.Debug|Any CPU.ActiveCfg = Debug|Any CPU
		{523D1CA1-F8B1-4D59-85E9-5BD71E866BE8}.Debug|Any CPU.Build.0 = Debug|Any CPU
		{523D1CA1-F8B1-4D59-85E9-5BD71E866BE8}.Release|Any CPU.ActiveCfg = Release|Any CPU
		{523D1CA1-F8B1-4D59-85E9-5BD71E866BE8}.Release|Any CPU.Build.0 = Release|Any CPU
		{90B9E4C3-DCDE-4865-A355-F8A00AF458DD}.Debug|Any CPU.ActiveCfg = Debug|Any CPU
		{90B9E4C3-DCDE-4865-A355-F8A00AF458DD}.Debug|Any CPU.Build.0 = Debug|Any CPU
		{90B9E4C3-DCDE-4865-A355-F8A00AF458DD}.Release|Any CPU.ActiveCfg = Release|Any CPU
		{90B9E4C3-DCDE-4865-A355-F8A00AF458DD}.Release|Any CPU.Build.0 = Release|Any CPU
	EndGlobalSection
	GlobalSection(SolutionProperties) = preSolution
		HideSolutionNode = FALSE
	EndGlobalSection
	GlobalSection(ExtensibilityGlobals) = postSolution
		SolutionGuid = {C99EB728-D721-4D16-A136-A2D185F27ED9}
	EndGlobalSection
EndGlobal
