
Microsoft Visual Studio Solution File, Format Version 12.00
# Visual Studio Version 17
VisualStudioVersion = 17.8.34330.188
MinimumVisualStudioVersion = 10.0.40219.1
Project("{9A19103F-16F7-4668-BE54-9A1E7A4F7556}") = "Class_ClassMembers", "Class_ClassMembers\Class_ClassMembers.csproj", "{8C5A8000-3503-4172-8714-ADD6806ADB48}"
EndProject
Project("{9A19103F-16F7-4668-BE54-9A1E7A4F7556}") = "ClassSonDokunuslar", "ClassSonDokunuslar\ClassSonDokunuslar.csproj", "{F8C6973C-88DC-4896-A633-1FE86815D247}"
EndProject
Project("{9A19103F-16F7-4668-BE54-9A1E7A4F7556}") = "this_keywordu", "this_keywordu\this_keywordu.csproj", "{DA798D1C-60E8-41C5-83C0-ACC6DCD3D754}"
EndProject
Project("{9A19103F-16F7-4668-BE54-9A1E7A4F7556}") = "HeapStack_Kritik", "HeapStack_Kritik\HeapStack_Kritik.csproj", "{1EE6FA71-1B72-496F-9AB5-0756AFFEB96D}"
EndProject
Project("{9A19103F-16F7-4668-BE54-9A1E7A4F7556}") = "Derinlemesine_Encapsulation", "Derinlemesine_Encapsulation\Derinlemesine_Encapsulation.csproj", "{8319A614-893F-41AD-B76E-2620CC2082ED}"
EndProject
Project("{9A19103F-16F7-4668-BE54-9A1E7A4F7556}") = "Records", "Records\Records.csproj", "{1FA0DF70-9142-4735-B031-C156C55F635D}"
EndProject
Project("{9A19103F-16F7-4668-BE54-9A1E7A4F7556}") = "ConstructorMetot", "ConstructorMetot\ConstructorMetot.csproj", "{4FCE699B-189A-4F38-9C8F-3575E85D46AA}"
EndProject
Project("{9A19103F-16F7-4668-BE54-9A1E7A4F7556}") = "Destructor_Metot", "Destructor_Metot\Destructor_Metot.csproj", "{9CB5570E-3615-40FF-A124-14AD261E8B26}"
EndProject
Project("{9A19103F-16F7-4668-BE54-9A1E7A4F7556}") = "Deconstruct_Metot", "Deconstruct_Metot\Deconstruct_Metot.csproj", "{A53E5DED-2570-4CBB-89EB-78992EE4A57E}"
EndProject
Project("{9A19103F-16F7-4668-BE54-9A1E7A4F7556}") = "Static_Constructor", "Static_Constructor\Static_Constructor.csproj", "{B57C91AC-3E3C-4E8E-81B5-4A0CDB85DF34}"
EndProject
Project("{9A19103F-16F7-4668-BE54-9A1E7A4F7556}") = "Positional_Record", "Positional_Record\Positional_Record.csproj", "{C2FC643D-B2DB-40C7-B05E-B645335862CE}"
EndProject
Project("{9A19103F-16F7-4668-BE54-9A1E7A4F7556}") = "Inheritance", "Inheritance\Inheritance.csproj", "{87546ABD-07F4-4F57-BA50-070E18E379DE}"
EndProject
Project("{9A19103F-16F7-4668-BE54-9A1E7A4F7556}") = "Inheritance_2", "Inheritance_2\Inheritance_2.csproj", "{63303699-E79C-41DD-911F-E31AC79B30AC}"
EndProject
Project("{9A19103F-16F7-4668-BE54-9A1E7A4F7556}") = "Inheritance_3", "Inheritance_3\Inheritance_3.csproj", "{6A8B7696-0FFD-407D-9BFC-126862A63EE5}"
EndProject
Project("{9A19103F-16F7-4668-BE54-9A1E7A4F7556}") = "virtual_override", "virtual_override\virtual_override.csproj", "{7E330EE4-33EA-44F6-BCB7-560B1E398D77}"
EndProject
Project("{9A19103F-16F7-4668-BE54-9A1E7A4F7556}") = "Polimorfizm", "Polimorfizm\Polimorfizm.csproj", "{619E2989-A24B-4137-8864-C4701E101B6B}"
EndProject
Project("{FAE04EC0-301F-11D3-BF4B-00C04F79EFBC}") = "Polimorfizm_Turleri_ve_Tur_Donusum", "Polimorfizm_Turleri_ve_Tur_Donusum\Polimorfizm_Turleri_ve_Tur_Donusum.csproj", "{38E0F2E8-5CEF-4080-852C-A39618F09BD3}"
EndProject
Project("{FAE04EC0-301F-11D3-BF4B-00C04F79EFBC}") = "Nesneler_Arasi_Iliski_Turleri_(Association-Aggregation-Composition)", "Nesneler_Arasi_Iliski_Turleri_(Association-Aggregation-Composition)\Nesneler_Arasi_Iliski_Turleri_(Association-Aggregation-Composition).csproj", "{40B7DFED-00CF-4658-964D-0EC6AEA844D8}"
EndProject
Global
	GlobalSection(SolutionConfigurationPlatforms) = preSolution
		Debug|Any CPU = Debug|Any CPU
		Release|Any CPU = Release|Any CPU
	EndGlobalSection
	GlobalSection(ProjectConfigurationPlatforms) = postSolution
		{8C5A8000-3503-4172-8714-ADD6806ADB48}.Debug|Any CPU.ActiveCfg = Debug|Any CPU
		{8C5A8000-3503-4172-8714-ADD6806ADB48}.Debug|Any CPU.Build.0 = Debug|Any CPU
		{8C5A8000-3503-4172-8714-ADD6806ADB48}.Release|Any CPU.ActiveCfg = Release|Any CPU
		{8C5A8000-3503-4172-8714-ADD6806ADB48}.Release|Any CPU.Build.0 = Release|Any CPU
		{F8C6973C-88DC-4896-A633-1FE86815D247}.Debug|Any CPU.ActiveCfg = Debug|Any CPU
		{F8C6973C-88DC-4896-A633-1FE86815D247}.Debug|Any CPU.Build.0 = Debug|Any CPU
		{F8C6973C-88DC-4896-A633-1FE86815D247}.Release|Any CPU.ActiveCfg = Release|Any CPU
		{F8C6973C-88DC-4896-A633-1FE86815D247}.Release|Any CPU.Build.0 = Release|Any CPU
		{DA798D1C-60E8-41C5-83C0-ACC6DCD3D754}.Debug|Any CPU.ActiveCfg = Debug|Any CPU
		{DA798D1C-60E8-41C5-83C0-ACC6DCD3D754}.Debug|Any CPU.Build.0 = Debug|Any CPU
		{DA798D1C-60E8-41C5-83C0-ACC6DCD3D754}.Release|Any CPU.ActiveCfg = Release|Any CPU
		{DA798D1C-60E8-41C5-83C0-ACC6DCD3D754}.Release|Any CPU.Build.0 = Release|Any CPU
		{1EE6FA71-1B72-496F-9AB5-0756AFFEB96D}.Debug|Any CPU.ActiveCfg = Debug|Any CPU
		{1EE6FA71-1B72-496F-9AB5-0756AFFEB96D}.Debug|Any CPU.Build.0 = Debug|Any CPU
		{1EE6FA71-1B72-496F-9AB5-0756AFFEB96D}.Release|Any CPU.ActiveCfg = Release|Any CPU
		{1EE6FA71-1B72-496F-9AB5-0756AFFEB96D}.Release|Any CPU.Build.0 = Release|Any CPU
		{8319A614-893F-41AD-B76E-2620CC2082ED}.Debug|Any CPU.ActiveCfg = Debug|Any CPU
		{8319A614-893F-41AD-B76E-2620CC2082ED}.Debug|Any CPU.Build.0 = Debug|Any CPU
		{8319A614-893F-41AD-B76E-2620CC2082ED}.Release|Any CPU.ActiveCfg = Release|Any CPU
		{8319A614-893F-41AD-B76E-2620CC2082ED}.Release|Any CPU.Build.0 = Release|Any CPU
		{1FA0DF70-9142-4735-B031-C156C55F635D}.Debug|Any CPU.ActiveCfg = Debug|Any CPU
		{1FA0DF70-9142-4735-B031-C156C55F635D}.Debug|Any CPU.Build.0 = Debug|Any CPU
		{1FA0DF70-9142-4735-B031-C156C55F635D}.Release|Any CPU.ActiveCfg = Release|Any CPU
		{1FA0DF70-9142-4735-B031-C156C55F635D}.Release|Any CPU.Build.0 = Release|Any CPU
		{4FCE699B-189A-4F38-9C8F-3575E85D46AA}.Debug|Any CPU.ActiveCfg = Debug|Any CPU
		{4FCE699B-189A-4F38-9C8F-3575E85D46AA}.Debug|Any CPU.Build.0 = Debug|Any CPU
		{4FCE699B-189A-4F38-9C8F-3575E85D46AA}.Release|Any CPU.ActiveCfg = Release|Any CPU
		{4FCE699B-189A-4F38-9C8F-3575E85D46AA}.Release|Any CPU.Build.0 = Release|Any CPU
		{9CB5570E-3615-40FF-A124-14AD261E8B26}.Debug|Any CPU.ActiveCfg = Debug|Any CPU
		{9CB5570E-3615-40FF-A124-14AD261E8B26}.Debug|Any CPU.Build.0 = Debug|Any CPU
		{9CB5570E-3615-40FF-A124-14AD261E8B26}.Release|Any CPU.ActiveCfg = Release|Any CPU
		{9CB5570E-3615-40FF-A124-14AD261E8B26}.Release|Any CPU.Build.0 = Release|Any CPU
		{A53E5DED-2570-4CBB-89EB-78992EE4A57E}.Debug|Any CPU.ActiveCfg = Debug|Any CPU
		{A53E5DED-2570-4CBB-89EB-78992EE4A57E}.Debug|Any CPU.Build.0 = Debug|Any CPU
		{A53E5DED-2570-4CBB-89EB-78992EE4A57E}.Release|Any CPU.ActiveCfg = Release|Any CPU
		{A53E5DED-2570-4CBB-89EB-78992EE4A57E}.Release|Any CPU.Build.0 = Release|Any CPU
		{B57C91AC-3E3C-4E8E-81B5-4A0CDB85DF34}.Debug|Any CPU.ActiveCfg = Debug|Any CPU
		{B57C91AC-3E3C-4E8E-81B5-4A0CDB85DF34}.Debug|Any CPU.Build.0 = Debug|Any CPU
		{B57C91AC-3E3C-4E8E-81B5-4A0CDB85DF34}.Release|Any CPU.ActiveCfg = Release|Any CPU
		{B57C91AC-3E3C-4E8E-81B5-4A0CDB85DF34}.Release|Any CPU.Build.0 = Release|Any CPU
		{C2FC643D-B2DB-40C7-B05E-B645335862CE}.Debug|Any CPU.ActiveCfg = Debug|Any CPU
		{C2FC643D-B2DB-40C7-B05E-B645335862CE}.Debug|Any CPU.Build.0 = Debug|Any CPU
		{C2FC643D-B2DB-40C7-B05E-B645335862CE}.Release|Any CPU.ActiveCfg = Release|Any CPU
		{C2FC643D-B2DB-40C7-B05E-B645335862CE}.Release|Any CPU.Build.0 = Release|Any CPU
		{87546ABD-07F4-4F57-BA50-070E18E379DE}.Debug|Any CPU.ActiveCfg = Debug|Any CPU
		{87546ABD-07F4-4F57-BA50-070E18E379DE}.Debug|Any CPU.Build.0 = Debug|Any CPU
		{87546ABD-07F4-4F57-BA50-070E18E379DE}.Release|Any CPU.ActiveCfg = Release|Any CPU
		{87546ABD-07F4-4F57-BA50-070E18E379DE}.Release|Any CPU.Build.0 = Release|Any CPU
		{63303699-E79C-41DD-911F-E31AC79B30AC}.Debug|Any CPU.ActiveCfg = Debug|Any CPU
		{63303699-E79C-41DD-911F-E31AC79B30AC}.Debug|Any CPU.Build.0 = Debug|Any CPU
		{63303699-E79C-41DD-911F-E31AC79B30AC}.Release|Any CPU.ActiveCfg = Release|Any CPU
		{63303699-E79C-41DD-911F-E31AC79B30AC}.Release|Any CPU.Build.0 = Release|Any CPU
		{6A8B7696-0FFD-407D-9BFC-126862A63EE5}.Debug|Any CPU.ActiveCfg = Debug|Any CPU
		{6A8B7696-0FFD-407D-9BFC-126862A63EE5}.Debug|Any CPU.Build.0 = Debug|Any CPU
		{6A8B7696-0FFD-407D-9BFC-126862A63EE5}.Release|Any CPU.ActiveCfg = Release|Any CPU
		{6A8B7696-0FFD-407D-9BFC-126862A63EE5}.Release|Any CPU.Build.0 = Release|Any CPU
		{7E330EE4-33EA-44F6-BCB7-560B1E398D77}.Debug|Any CPU.ActiveCfg = Debug|Any CPU
		{7E330EE4-33EA-44F6-BCB7-560B1E398D77}.Debug|Any CPU.Build.0 = Debug|Any CPU
		{7E330EE4-33EA-44F6-BCB7-560B1E398D77}.Release|Any CPU.ActiveCfg = Release|Any CPU
		{7E330EE4-33EA-44F6-BCB7-560B1E398D77}.Release|Any CPU.Build.0 = Release|Any CPU
		{619E2989-A24B-4137-8864-C4701E101B6B}.Debug|Any CPU.ActiveCfg = Debug|Any CPU
		{619E2989-A24B-4137-8864-C4701E101B6B}.Debug|Any CPU.Build.0 = Debug|Any CPU
		{619E2989-A24B-4137-8864-C4701E101B6B}.Release|Any CPU.ActiveCfg = Release|Any CPU
		{619E2989-A24B-4137-8864-C4701E101B6B}.Release|Any CPU.Build.0 = Release|Any CPU
		{38E0F2E8-5CEF-4080-852C-A39618F09BD3}.Debug|Any CPU.ActiveCfg = Debug|Any CPU
		{38E0F2E8-5CEF-4080-852C-A39618F09BD3}.Debug|Any CPU.Build.0 = Debug|Any CPU
		{38E0F2E8-5CEF-4080-852C-A39618F09BD3}.Release|Any CPU.ActiveCfg = Release|Any CPU
		{38E0F2E8-5CEF-4080-852C-A39618F09BD3}.Release|Any CPU.Build.0 = Release|Any CPU
		{40B7DFED-00CF-4658-964D-0EC6AEA844D8}.Debug|Any CPU.ActiveCfg = Debug|Any CPU
		{40B7DFED-00CF-4658-964D-0EC6AEA844D8}.Debug|Any CPU.Build.0 = Debug|Any CPU
		{40B7DFED-00CF-4658-964D-0EC6AEA844D8}.Release|Any CPU.ActiveCfg = Release|Any CPU
		{40B7DFED-00CF-4658-964D-0EC6AEA844D8}.Release|Any CPU.Build.0 = Release|Any CPU
	EndGlobalSection
	GlobalSection(SolutionProperties) = preSolution
		HideSolutionNode = FALSE
	EndGlobalSection
	GlobalSection(ExtensibilityGlobals) = postSolution
		SolutionGuid = {41CE4BF0-1B1D-4126-BC4B-6969929148AF}
	EndGlobalSection
EndGlobal
