
Microsoft Visual Studio Solution File, Format Version 12.00
# Visual Studio Version 17
VisualStudioVersion = 17.5.33516.290
MinimumVisualStudioVersion = 10.0.40219.1
Project("{FAE04EC0-301F-11D3-BF4B-00C04F79EFBC}") = "RabbitMQ.Publisher", "RabbitMQ.Publisher\RabbitMQ.Publisher.csproj", "{78414278-059E-4E55-A877-F5ED87B8F81E}"
EndProject
Global
	GlobalSection(SolutionConfigurationPlatforms) = preSolution
		Debug|Any CPU = Debug|Any CPU
		Release|Any CPU = Release|Any CPU
	EndGlobalSection
	GlobalSection(ProjectConfigurationPlatforms) = postSolution
		{78414278-059E-4E55-A877-F5ED87B8F81E}.Debug|Any CPU.ActiveCfg = Debug|Any CPU
		{78414278-059E-4E55-A877-F5ED87B8F81E}.Debug|Any CPU.Build.0 = Debug|Any CPU
		{78414278-059E-4E55-A877-F5ED87B8F81E}.Release|Any CPU.ActiveCfg = Release|Any CPU
		{78414278-059E-4E55-A877-F5ED87B8F81E}.Release|Any CPU.Build.0 = Release|Any CPU
	EndGlobalSection
	GlobalSection(SolutionProperties) = preSolution
		HideSolutionNode = FALSE
	EndGlobalSection
	GlobalSection(ExtensibilityGlobals) = postSolution
		SolutionGuid = {E230B7B2-680E-43D8-9005-2EBC8716E27B}
	EndGlobalSection
EndGlobal
