
Microsoft Visual Studio Solution File, Format Version 12.00
# Visual Studio Version 17
VisualStudioVersion = 17.7.34003.232
MinimumVisualStudioVersion = 10.0.40219.1
Project("{FAE04EC0-301F-11D3-BF4B-00C04F79EFBC}") = "Singleton_Design_Pattern_Example_Pratic", "Singleton_Design_Pattern_Example_Pratic\Singleton_Design_Pattern_Example_Pratic.csproj", "{0758FD95-1535-430C-9CA2-88DCD6BF2AF0}"
EndProject
Project("{FAE04EC0-301F-11D3-BF4B-00C04F79EFBC}") = "Singleton_Design_Pattern_AspNetCore", "Singleton_Design_Pattern_AspNetCore\Singleton_Design_Pattern_AspNetCore.csproj", "{773BEE33-7C22-4F98-A1E6-603A8FBEDFEE}"
EndProject
Project("{FAE04EC0-301F-11D3-BF4B-00C04F79EFBC}") = "Singleton_Design_Pattern_Asynchronous_Example", "Singleton_Design_Pattern_Asynchronous_Example\Singleton_Design_Pattern_Asynchronous_Example.csproj", "{F1A290E5-77E0-41B5-84CD-F14905498516}"
EndProject
Global
	GlobalSection(SolutionConfigurationPlatforms) = preSolution
		Debug|Any CPU = Debug|Any CPU
		Release|Any CPU = Release|Any CPU
	EndGlobalSection
	GlobalSection(ProjectConfigurationPlatforms) = postSolution
		{0758FD95-1535-430C-9CA2-88DCD6BF2AF0}.Debug|Any CPU.ActiveCfg = Debug|Any CPU
		{0758FD95-1535-430C-9CA2-88DCD6BF2AF0}.Debug|Any CPU.Build.0 = Debug|Any CPU
		{0758FD95-1535-430C-9CA2-88DCD6BF2AF0}.Release|Any CPU.ActiveCfg = Release|Any CPU
		{0758FD95-1535-430C-9CA2-88DCD6BF2AF0}.Release|Any CPU.Build.0 = Release|Any CPU
		{773BEE33-7C22-4F98-A1E6-603A8FBEDFEE}.Debug|Any CPU.ActiveCfg = Debug|Any CPU
		{773BEE33-7C22-4F98-A1E6-603A8FBEDFEE}.Debug|Any CPU.Build.0 = Debug|Any CPU
		{773BEE33-7C22-4F98-A1E6-603A8FBEDFEE}.Release|Any CPU.ActiveCfg = Release|Any CPU
		{773BEE33-7C22-4F98-A1E6-603A8FBEDFEE}.Release|Any CPU.Build.0 = Release|Any CPU
		{F1A290E5-77E0-41B5-84CD-F14905498516}.Debug|Any CPU.ActiveCfg = Debug|Any CPU
		{F1A290E5-77E0-41B5-84CD-F14905498516}.Debug|Any CPU.Build.0 = Debug|Any CPU
		{F1A290E5-77E0-41B5-84CD-F14905498516}.Release|Any CPU.ActiveCfg = Release|Any CPU
		{F1A290E5-77E0-41B5-84CD-F14905498516}.Release|Any CPU.Build.0 = Release|Any CPU
	EndGlobalSection
	GlobalSection(SolutionProperties) = preSolution
		HideSolutionNode = FALSE
	EndGlobalSection
	GlobalSection(ExtensibilityGlobals) = postSolution
		SolutionGuid = {E70EA759-DEDD-41C7-9132-2939451685EA}
	EndGlobalSection
EndGlobal
