
Microsoft Visual Studio Solution File, Format Version 12.00
# Visual Studio Version 17
VisualStudioVersion = 17.8.34330.188
MinimumVisualStudioVersion = 10.0.40219.1
Project("{FAE04EC0-301F-11D3-BF4B-00C04F79EFBC}") = "Server", "Server\Server.csproj", "{65BCE0CA-1CD0-4BFA-B795-5372C5706F3B}"
EndProject
Project("{FAE04EC0-301F-11D3-BF4B-00C04F79EFBC}") = "Client", "Client\Client.csproj", "{669BE836-E639-4B4D-8F7E-91040EE59480}"
EndProject
Project("{FAE04EC0-301F-11D3-BF4B-00C04F79EFBC}") = "ClientDownload", "ClientDownload\ClientDownload.csproj", "{AE9C9512-4311-4168-B9EA-30E6EF47D8BF}"
EndProject
Global
	GlobalSection(SolutionConfigurationPlatforms) = preSolution
		Debug|Any CPU = Debug|Any CPU
		Release|Any CPU = Release|Any CPU
	EndGlobalSection
	GlobalSection(ProjectConfigurationPlatforms) = postSolution
		{65BCE0CA-1CD0-4BFA-B795-5372C5706F3B}.Debug|Any CPU.ActiveCfg = Debug|Any CPU
		{65BCE0CA-1CD0-4BFA-B795-5372C5706F3B}.Debug|Any CPU.Build.0 = Debug|Any CPU
		{65BCE0CA-1CD0-4BFA-B795-5372C5706F3B}.Release|Any CPU.ActiveCfg = Release|Any CPU
		{65BCE0CA-1CD0-4BFA-B795-5372C5706F3B}.Release|Any CPU.Build.0 = Release|Any CPU
		{669BE836-E639-4B4D-8F7E-91040EE59480}.Debug|Any CPU.ActiveCfg = Debug|Any CPU
		{669BE836-E639-4B4D-8F7E-91040EE59480}.Debug|Any CPU.Build.0 = Debug|Any CPU
		{669BE836-E639-4B4D-8F7E-91040EE59480}.Release|Any CPU.ActiveCfg = Release|Any CPU
		{669BE836-E639-4B4D-8F7E-91040EE59480}.Release|Any CPU.Build.0 = Release|Any CPU
		{AE9C9512-4311-4168-B9EA-30E6EF47D8BF}.Debug|Any CPU.ActiveCfg = Debug|Any CPU
		{AE9C9512-4311-4168-B9EA-30E6EF47D8BF}.Debug|Any CPU.Build.0 = Debug|Any CPU
		{AE9C9512-4311-4168-B9EA-30E6EF47D8BF}.Release|Any CPU.ActiveCfg = Release|Any CPU
		{AE9C9512-4311-4168-B9EA-30E6EF47D8BF}.Release|Any CPU.Build.0 = Release|Any CPU
	EndGlobalSection
	GlobalSection(SolutionProperties) = preSolution
		HideSolutionNode = FALSE
	EndGlobalSection
	GlobalSection(ExtensibilityGlobals) = postSolution
		SolutionGuid = {EBABEFB4-3FB5-41B3-B92A-B1A4B73A4156}
	EndGlobalSection
EndGlobal
