
Microsoft Visual Studio Solution File, Format Version 12.00
# Visual Studio Version 17
VisualStudioVersion = 17.5.002.0
MinimumVisualStudioVersion = 10.0.40219.1
Project("{9A19103F-16F7-4668-BE54-9A1E7A4F7556}") = "grpcClient", "grpcClient\grpcClient.csproj", "{4BA22D95-EA11-4F32-B818-65460B8D770F}"
EndProject
Project("{9A19103F-16F7-4668-BE54-9A1E7A4F7556}") = "grpcServer", "grpcServer\grpcServer.csproj", "{93544059-5527-429E-B4C0-54BE223120A1}"
EndProject
Global
	GlobalSection(SolutionConfigurationPlatforms) = preSolution
		Debug|Any CPU = Debug|Any CPU
		Release|Any CPU = Release|Any CPU
	EndGlobalSection
	GlobalSection(ProjectConfigurationPlatforms) = postSolution
		{4BA22D95-EA11-4F32-B818-65460B8D770F}.Debug|Any CPU.ActiveCfg = Debug|Any CPU
		{4BA22D95-EA11-4F32-B818-65460B8D770F}.Debug|Any CPU.Build.0 = Debug|Any CPU
		{4BA22D95-EA11-4F32-B818-65460B8D770F}.Release|Any CPU.ActiveCfg = Release|Any CPU
		{4BA22D95-EA11-4F32-B818-65460B8D770F}.Release|Any CPU.Build.0 = Release|Any CPU
		{93544059-5527-429E-B4C0-54BE223120A1}.Debug|Any CPU.ActiveCfg = Debug|Any CPU
		{93544059-5527-429E-B4C0-54BE223120A1}.Debug|Any CPU.Build.0 = Debug|Any CPU
		{93544059-5527-429E-B4C0-54BE223120A1}.Release|Any CPU.ActiveCfg = Release|Any CPU
		{93544059-5527-429E-B4C0-54BE223120A1}.Release|Any CPU.Build.0 = Release|Any CPU
	EndGlobalSection
	GlobalSection(SolutionProperties) = preSolution
		HideSolutionNode = FALSE
	EndGlobalSection
	GlobalSection(ExtensibilityGlobals) = postSolution
		SolutionGuid = {75555427-234A-4930-86F4-69C85E0E1041}
	EndGlobalSection
EndGlobal
