
Microsoft Visual Studio Solution File, Format Version 12.00
# Visual Studio Version 17
VisualStudioVersion = 17.7.34003.232
MinimumVisualStudioVersion = 10.0.40219.1
Project("{FAE04EC0-301F-11D3-BF4B-00C04F79EFBC}") = "Trie", "Trie\Trie.csproj", "{FD1A0B38-3F8B-4C62-8A52-3B400DEB85DF}"
EndProject
Global
	GlobalSection(SolutionConfigurationPlatforms) = preSolution
		Debug|Any CPU = Debug|Any CPU
		Release|Any CPU = Release|Any CPU
	EndGlobalSection
	GlobalSection(ProjectConfigurationPlatforms) = postSolution
		{FD1A0B38-3F8B-4C62-8A52-3B400DEB85DF}.Debug|Any CPU.ActiveCfg = Debug|Any CPU
		{FD1A0B38-3F8B-4C62-8A52-3B400DEB85DF}.Debug|Any CPU.Build.0 = Debug|Any CPU
		{FD1A0B38-3F8B-4C62-8A52-3B400DEB85DF}.Release|Any CPU.ActiveCfg = Release|Any CPU
		{FD1A0B38-3F8B-4C62-8A52-3B400DEB85DF}.Release|Any CPU.Build.0 = Release|Any CPU
	EndGlobalSection
	GlobalSection(SolutionProperties) = preSolution
		HideSolutionNode = FALSE
	EndGlobalSection
	GlobalSection(ExtensibilityGlobals) = postSolution
		SolutionGuid = {74B70A9A-1130-420B-8E7F-99381A383539}
	EndGlobalSection
EndGlobal
