
Microsoft Visual Studio Solution File, Format Version 12.00
# Visual Studio Version 17
VisualStudioVersion = 17.8.34330.188
MinimumVisualStudioVersion = 10.0.40219.1
Project("{9A19103F-16F7-4668-BE54-9A1E7A4F7556}") = "RawStringLiteral", "RawStringLiteral\RawStringLiteral.csproj", "{A6EDF62D-660D-438F-A7D1-AE426CB8EA1D}"
EndProject
Project("{9A19103F-16F7-4668-BE54-9A1E7A4F7556}") = "RequiredProperties", "RequiredProperties\RequiredProperties.csproj", "{EAF7454F-2B67-4EFF-A2C5-3642935D92AD}"
EndProject
Project("{FAE04EC0-301F-11D3-BF4B-00C04F79EFBC}") = "ListPatterns", "ListPatterns\ListPatterns.csproj", "{59C9CD6C-5DAD-4674-9478-B0CE423901B6}"
EndProject
Project("{FAE04EC0-301F-11D3-BF4B-00C04F79EFBC}") = "GenericMath_StaticAbstract", "GenericMath_StaticAbstract\GenericMath_StaticAbstract.csproj", "{DA1DF7B8-DDBA-4959-9AF6-B35D391AE5FB}"
EndProject
Global
	GlobalSection(SolutionConfigurationPlatforms) = preSolution
		Debug|Any CPU = Debug|Any CPU
		Release|Any CPU = Release|Any CPU
	EndGlobalSection
	GlobalSection(ProjectConfigurationPlatforms) = postSolution
		{A6EDF62D-660D-438F-A7D1-AE426CB8EA1D}.Debug|Any CPU.ActiveCfg = Debug|Any CPU
		{A6EDF62D-660D-438F-A7D1-AE426CB8EA1D}.Debug|Any CPU.Build.0 = Debug|Any CPU
		{A6EDF62D-660D-438F-A7D1-AE426CB8EA1D}.Release|Any CPU.ActiveCfg = Release|Any CPU
		{A6EDF62D-660D-438F-A7D1-AE426CB8EA1D}.Release|Any CPU.Build.0 = Release|Any CPU
		{EAF7454F-2B67-4EFF-A2C5-3642935D92AD}.Debug|Any CPU.ActiveCfg = Debug|Any CPU
		{EAF7454F-2B67-4EFF-A2C5-3642935D92AD}.Debug|Any CPU.Build.0 = Debug|Any CPU
		{EAF7454F-2B67-4EFF-A2C5-3642935D92AD}.Release|Any CPU.ActiveCfg = Release|Any CPU
		{EAF7454F-2B67-4EFF-A2C5-3642935D92AD}.Release|Any CPU.Build.0 = Release|Any CPU
		{59C9CD6C-5DAD-4674-9478-B0CE423901B6}.Debug|Any CPU.ActiveCfg = Debug|Any CPU
		{59C9CD6C-5DAD-4674-9478-B0CE423901B6}.Debug|Any CPU.Build.0 = Debug|Any CPU
		{59C9CD6C-5DAD-4674-9478-B0CE423901B6}.Release|Any CPU.ActiveCfg = Release|Any CPU
		{59C9CD6C-5DAD-4674-9478-B0CE423901B6}.Release|Any CPU.Build.0 = Release|Any CPU
		{DA1DF7B8-DDBA-4959-9AF6-B35D391AE5FB}.Debug|Any CPU.ActiveCfg = Debug|Any CPU
		{DA1DF7B8-DDBA-4959-9AF6-B35D391AE5FB}.Debug|Any CPU.Build.0 = Debug|Any CPU
		{DA1DF7B8-DDBA-4959-9AF6-B35D391AE5FB}.Release|Any CPU.ActiveCfg = Release|Any CPU
		{DA1DF7B8-DDBA-4959-9AF6-B35D391AE5FB}.Release|Any CPU.Build.0 = Release|Any CPU
	EndGlobalSection
	GlobalSection(SolutionProperties) = preSolution
		HideSolutionNode = FALSE
	EndGlobalSection
	GlobalSection(ExtensibilityGlobals) = postSolution
		SolutionGuid = {BE8D4DC2-D9D3-4502-BD20-A03C21EEFA85}
	EndGlobalSection
EndGlobal
