
Microsoft Visual Studio Solution File, Format Version 12.00
# Visual Studio Version 17
VisualStudioVersion = 17.7.34003.232
MinimumVisualStudioVersion = 10.0.40219.1
Project("{FAE04EC0-301F-11D3-BF4B-00C04F79EFBC}") = "LinkedList", "LinkedList\LinkedList.csproj", "{ABF734CE-1B8F-4C76-8FF3-6600D1482648}"
EndProject
Global
	GlobalSection(SolutionConfigurationPlatforms) = preSolution
		Debug|Any CPU = Debug|Any CPU
		Release|Any CPU = Release|Any CPU
	EndGlobalSection
	GlobalSection(ProjectConfigurationPlatforms) = postSolution
		{ABF734CE-1B8F-4C76-8FF3-6600D1482648}.Debug|Any CPU.ActiveCfg = Debug|Any CPU
		{ABF734CE-1B8F-4C76-8FF3-6600D1482648}.Debug|Any CPU.Build.0 = Debug|Any CPU
		{ABF734CE-1B8F-4C76-8FF3-6600D1482648}.Release|Any CPU.ActiveCfg = Release|Any CPU
		{ABF734CE-1B8F-4C76-8FF3-6600D1482648}.Release|Any CPU.Build.0 = Release|Any CPU
	EndGlobalSection
	GlobalSection(SolutionProperties) = preSolution
		HideSolutionNode = FALSE
	EndGlobalSection
	GlobalSection(ExtensibilityGlobals) = postSolution
		SolutionGuid = {B012A31E-E5D1-4697-8ABD-3E134D169C13}
	EndGlobalSection
EndGlobal
