
Microsoft Visual Studio Solution File, Format Version 12.00
# Visual Studio Version 17
VisualStudioVersion = 17.8.34330.188
MinimumVisualStudioVersion = 10.0.40219.1
Project("{9A19103F-16F7-4668-BE54-9A1E7A4F7556}") = "Lesson2", "Lesson2\Lesson2.csproj", "{D32ACEDF-05D5-461C-8635-EEC827E8B635}"
EndProject
Project("{9A19103F-16F7-4668-BE54-9A1E7A4F7556}") = "Lesson3", "Lesson3\Lesson3.csproj", "{AD81BA6A-BF5B-436F-B2E5-85DADAB5380D}"
EndProject
Project("{9A19103F-16F7-4668-BE54-9A1E7A4F7556}") = "Lesson4", "Lesson4\Lesson4.csproj", "{E5C2B989-E1C9-4C9C-9ADE-AA6CB295F07E}"
EndProject
Project("{9A19103F-16F7-4668-BE54-9A1E7A4F7556}") = "Lesson5", "Lesson5\Lesson5.csproj", "{04B4FC12-ED12-4915-89DE-D764EF05C1CE}"
EndProject
Project("{9A19103F-16F7-4668-BE54-9A1E7A4F7556}") = "Lesson6", "Lesson6\Lesson6.csproj", "{7AE0EC64-8FD1-44DF-AB9E-AFCFEA56A487}"
EndProject
Project("{9A19103F-16F7-4668-BE54-9A1E7A4F7556}") = "Lesson7", "Lesson7\Lesson7.csproj", "{B683F1DC-4BB1-4F65-AE9A-8DE27F01859D}"
EndProject
Project("{9A19103F-16F7-4668-BE54-9A1E7A4F7556}") = "Lesson8", "Lesson8\Lesson8.csproj", "{D6BBDF45-DDAA-4DE7-B06D-2732FFAF4E3A}"
EndProject
Project("{9A19103F-16F7-4668-BE54-9A1E7A4F7556}") = "Lesson9", "Lesson9\Lesson9.csproj", "{8E3AB8CA-6A36-4337-9057-10F094E105D5}"
EndProject
Project("{9A19103F-16F7-4668-BE54-9A1E7A4F7556}") = "Lesson10", "Lesson10\Lesson10.csproj", "{08011070-D69D-44FA-B53E-5187E8A46672}"
EndProject
Project("{9A19103F-16F7-4668-BE54-9A1E7A4F7556}") = "Lesson11", "Lesson11\Lesson11.csproj", "{492785CB-1E1D-4509-901F-DFADE8BAF0B1}"
EndProject
Project("{9A19103F-16F7-4668-BE54-9A1E7A4F7556}") = "Lesson12", "Lesson12\Lesson12.csproj", "{12ECC0E1-E2BF-40E9-B954-ECB48035842E}"
EndProject
Project("{9A19103F-16F7-4668-BE54-9A1E7A4F7556}") = "Lesson13", "Lesson13\Lesson13.csproj", "{045724CB-660F-4D08-BB39-3B8D81701F27}"
EndProject
Project("{9A19103F-16F7-4668-BE54-9A1E7A4F7556}") = "Lesson14", "Lesson14\Lesson14.csproj", "{AF5ECD46-BA48-4AFE-93B0-A8C825DDD224}"
EndProject
Project("{9A19103F-16F7-4668-BE54-9A1E7A4F7556}") = "Lesson15", "Lesson15\Lesson15.csproj", "{077285B7-1247-4C73-9A57-9CCF671FEF94}"
EndProject
Project("{9A19103F-16F7-4668-BE54-9A1E7A4F7556}") = "Lesson16", "Lesson16\Lesson16.csproj", "{E8B2B57C-8256-4E12-9C6B-B1A50BC6E5C3}"
EndProject
Project("{9A19103F-16F7-4668-BE54-9A1E7A4F7556}") = "Lesson17", "Lesson17\Lesson17.csproj", "{D4A3D0DB-4EF5-400F-9A4C-82107E251D88}"
EndProject
Project("{9A19103F-16F7-4668-BE54-9A1E7A4F7556}") = "Lesson18", "Lesson18\Lesson18.csproj", "{D0E7E2B3-EF58-4DA0-B549-DC055B68BA1D}"
EndProject
Project("{9A19103F-16F7-4668-BE54-9A1E7A4F7556}") = "Lesson19", "Lesson19\Lesson19.csproj", "{C98DE648-2C60-4015-A64D-6DF3865796BB}"
EndProject
Project("{FAE04EC0-301F-11D3-BF4B-00C04F79EFBC}") = "Lesson20", "Lesson20\Lesson20.csproj", "{BE11DBA3-0F18-4634-8C97-837FA9A945BF}"
EndProject
Project("{FAE04EC0-301F-11D3-BF4B-00C04F79EFBC}") = "Lesson21", "Lesson21\Lesson21.csproj", "{17509232-7744-4B39-8D15-D8F383E6A7D7}"
EndProject
Project("{FAE04EC0-301F-11D3-BF4B-00C04F79EFBC}") = "Lesson22", "Lesson22\Lesson22.csproj", "{782CACAF-F26D-4F9F-87C3-B6AF2A34E3C3}"
EndProject
Project("{FAE04EC0-301F-11D3-BF4B-00C04F79EFBC}") = "Lesson23", "Lesson23\Lesson23.csproj", "{492D10F3-71A7-45DE-AFEA-37D4123AD317}"
EndProject
Project("{FAE04EC0-301F-11D3-BF4B-00C04F79EFBC}") = "Lesson24", "Lesson24\Lesson24.csproj", "{840E8ADB-BC25-47B3-84BB-480509336CCD}"
EndProject
Project("{FAE04EC0-301F-11D3-BF4B-00C04F79EFBC}") = "Lesson25", "Lesson25\Lesson25.csproj", "{537C60DA-7D8B-4095-A216-392E92A8DFB2}"
EndProject
Project("{FAE04EC0-301F-11D3-BF4B-00C04F79EFBC}") = "Lesson26", "Lesson26\Lesson26.csproj", "{2DEDD19B-9934-4B29-8D77-7222DAB5F11B}"
EndProject
Project("{FAE04EC0-301F-11D3-BF4B-00C04F79EFBC}") = "Lesson27", "Lesson27\Lesson27.csproj", "{7D1D21B7-925F-427A-8210-08F781FFC138}"
EndProject
Project("{FAE04EC0-301F-11D3-BF4B-00C04F79EFBC}") = "Lesson28", "Lesson28\Lesson28.csproj", "{3C53766B-BCF9-4BB7-B3BC-1DCD435FC1C2}"
EndProject
Project("{FAE04EC0-301F-11D3-BF4B-00C04F79EFBC}") = "Lesson29", "Lesson29\Lesson29.csproj", "{AC8C8D36-2CB1-4915-B2C0-03D9C8988DB4}"
EndProject
Project("{FAE04EC0-301F-11D3-BF4B-00C04F79EFBC}") = "Lesson30", "Lesson30\Lesson30.csproj", "{F13AFD7E-DA36-4CA4-809E-2A869D7443F9}"
EndProject
Project("{FAE04EC0-301F-11D3-BF4B-00C04F79EFBC}") = "Lesson31", "Lesson31\Lesson31.csproj", "{9C3C4716-7296-444C-AF9F-4AEA7208B22D}"
EndProject
Project("{FAE04EC0-301F-11D3-BF4B-00C04F79EFBC}") = "Lesson32", "Lesson32\Lesson32.csproj", "{83425927-5446-4D81-84C1-9FAD491932C8}"
EndProject
Project("{FAE04EC0-301F-11D3-BF4B-00C04F79EFBC}") = "Lesson33", "Lesson33\Lesson33.csproj", "{361DA35B-B334-4E36-A7AB-EFC57A3BC486}"
EndProject
Project("{FAE04EC0-301F-11D3-BF4B-00C04F79EFBC}") = "Lesson34", "Lesson34\Lesson34.csproj", "{BBC576F6-B686-4005-BE8E-0AA2D17A14DE}"
EndProject
Project("{FAE04EC0-301F-11D3-BF4B-00C04F79EFBC}") = "Lesson35", "Lesson35\Lesson35.csproj", "{9B6DB564-300F-4455-B7D4-65ABCE2D4C2B}"
EndProject
Project("{FAE04EC0-301F-11D3-BF4B-00C04F79EFBC}") = "Lesson36", "Lesson36\Lesson36.csproj", "{A31A372E-6CC1-4858-AE15-304BAB4CBB2F}"
EndProject
Project("{FAE04EC0-301F-11D3-BF4B-00C04F79EFBC}") = "Lesson37", "Lesson37\Lesson37.csproj", "{99646229-9BCE-4745-A7B4-AE36F486ECE0}"
EndProject
Project("{FAE04EC0-301F-11D3-BF4B-00C04F79EFBC}") = "Lesson38", "Lesson38\Lesson38.csproj", "{EFB8AF6A-EA8F-4805-B4C1-46CD6B72E45B}"
EndProject
Project("{FAE04EC0-301F-11D3-BF4B-00C04F79EFBC}") = "Lesson39", "Lesson39\Lesson39.csproj", "{7E0711AA-36B4-4F56-AEBC-7D3B2BAE4B85}"
EndProject
Project("{FAE04EC0-301F-11D3-BF4B-00C04F79EFBC}") = "Lesson40", "Lesson40\Lesson40.csproj", "{93040D85-5382-4C8A-9199-97B166B6547B}"
EndProject
Project("{FAE04EC0-301F-11D3-BF4B-00C04F79EFBC}") = "Lesson41", "Lesson41\Lesson41.csproj", "{8DB6AB0C-EB30-452C-8FBF-942E3F474AFF}"
EndProject
Project("{FAE04EC0-301F-11D3-BF4B-00C04F79EFBC}") = "Lesson42", "Lesson42\Lesson42.csproj", "{F89B21A8-0DC6-4125-9F4C-874D0B9DEBAC}"
EndProject
Project("{FAE04EC0-301F-11D3-BF4B-00C04F79EFBC}") = "Lesson43", "Lesson43\Lesson43.csproj", "{6CB03E1C-669A-4A2D-874C-EB81D6DA0EE1}"
EndProject
Project("{FAE04EC0-301F-11D3-BF4B-00C04F79EFBC}") = "Lesson44", "Lesson44\Lesson44.csproj", "{D7646933-14F0-4755-B371-900BDFFFCC1B}"
EndProject
Project("{FAE04EC0-301F-11D3-BF4B-00C04F79EFBC}") = "Lesson45", "Lesson45\Lesson45.csproj", "{CB6ED01B-5FA8-40DE-8070-49B29DF7187E}"
EndProject
Project("{FAE04EC0-301F-11D3-BF4B-00C04F79EFBC}") = "Lesson46", "Lesson46\Lesson46.csproj", "{79B772AF-E31C-4DA3-805F-D7A416974630}"
EndProject
Project("{FAE04EC0-301F-11D3-BF4B-00C04F79EFBC}") = "Lesson47", "Lesson47\Lesson47.csproj", "{F5C34D1D-5AF9-4817-BF9A-4541EF6F2310}"
EndProject
Project("{FAE04EC0-301F-11D3-BF4B-00C04F79EFBC}") = "Lesson48", "Lesson48\Lesson48.csproj", "{B6B92533-F46E-46BD-ADCC-B62E49E9C3A2}"
EndProject
Project("{FAE04EC0-301F-11D3-BF4B-00C04F79EFBC}") = "Lesson49", "Lesson49\Lesson49.csproj", "{DBD6F338-C863-4B1D-A4AD-E8442FF5574D}"
EndProject
Project("{FAE04EC0-301F-11D3-BF4B-00C04F79EFBC}") = "Lesson50", "Lesson50\Lesson50.csproj", "{7874C08D-12C6-4876-919A-F1C0F98C762E}"
EndProject
Project("{FAE04EC0-301F-11D3-BF4B-00C04F79EFBC}") = "Lesson51", "Lesson51\Lesson51.csproj", "{C6EF01E9-CB90-49FF-9F60-327EEDD52835}"
EndProject
Project("{FAE04EC0-301F-11D3-BF4B-00C04F79EFBC}") = "Lesson52", "Lesson52\Lesson52.csproj", "{F8D6CA3C-56C1-46AA-B4C9-3E0DE2826DBE}"
EndProject
Project("{FAE04EC0-301F-11D3-BF4B-00C04F79EFBC}") = "Lesson53", "Lesson53\Lesson53.csproj", "{619014E5-6B49-4398-B7F9-E06A9321146E}"
EndProject
Project("{FAE04EC0-301F-11D3-BF4B-00C04F79EFBC}") = "Lesson54", "Lesson54\Lesson54.csproj", "{FB663C5D-5EA2-44A8-9A59-CA9A1F791180}"
EndProject
Global
	GlobalSection(SolutionConfigurationPlatforms) = preSolution
		Debug|Any CPU = Debug|Any CPU
		Release|Any CPU = Release|Any CPU
	EndGlobalSection
	GlobalSection(ProjectConfigurationPlatforms) = postSolution
		{D32ACEDF-05D5-461C-8635-EEC827E8B635}.Debug|Any CPU.ActiveCfg = Debug|Any CPU
		{D32ACEDF-05D5-461C-8635-EEC827E8B635}.Debug|Any CPU.Build.0 = Debug|Any CPU
		{D32ACEDF-05D5-461C-8635-EEC827E8B635}.Release|Any CPU.ActiveCfg = Release|Any CPU
		{D32ACEDF-05D5-461C-8635-EEC827E8B635}.Release|Any CPU.Build.0 = Release|Any CPU
		{AD81BA6A-BF5B-436F-B2E5-85DADAB5380D}.Debug|Any CPU.ActiveCfg = Debug|Any CPU
		{AD81BA6A-BF5B-436F-B2E5-85DADAB5380D}.Debug|Any CPU.Build.0 = Debug|Any CPU
		{AD81BA6A-BF5B-436F-B2E5-85DADAB5380D}.Release|Any CPU.ActiveCfg = Release|Any CPU
		{AD81BA6A-BF5B-436F-B2E5-85DADAB5380D}.Release|Any CPU.Build.0 = Release|Any CPU
		{E5C2B989-E1C9-4C9C-9ADE-AA6CB295F07E}.Debug|Any CPU.ActiveCfg = Debug|Any CPU
		{E5C2B989-E1C9-4C9C-9ADE-AA6CB295F07E}.Debug|Any CPU.Build.0 = Debug|Any CPU
		{E5C2B989-E1C9-4C9C-9ADE-AA6CB295F07E}.Release|Any CPU.ActiveCfg = Release|Any CPU
		{E5C2B989-E1C9-4C9C-9ADE-AA6CB295F07E}.Release|Any CPU.Build.0 = Release|Any CPU
		{04B4FC12-ED12-4915-89DE-D764EF05C1CE}.Debug|Any CPU.ActiveCfg = Debug|Any CPU
		{04B4FC12-ED12-4915-89DE-D764EF05C1CE}.Debug|Any CPU.Build.0 = Debug|Any CPU
		{04B4FC12-ED12-4915-89DE-D764EF05C1CE}.Release|Any CPU.ActiveCfg = Release|Any CPU
		{04B4FC12-ED12-4915-89DE-D764EF05C1CE}.Release|Any CPU.Build.0 = Release|Any CPU
		{7AE0EC64-8FD1-44DF-AB9E-AFCFEA56A487}.Debug|Any CPU.ActiveCfg = Debug|Any CPU
		{7AE0EC64-8FD1-44DF-AB9E-AFCFEA56A487}.Debug|Any CPU.Build.0 = Debug|Any CPU
		{7AE0EC64-8FD1-44DF-AB9E-AFCFEA56A487}.Release|Any CPU.ActiveCfg = Release|Any CPU
		{7AE0EC64-8FD1-44DF-AB9E-AFCFEA56A487}.Release|Any CPU.Build.0 = Release|Any CPU
		{B683F1DC-4BB1-4F65-AE9A-8DE27F01859D}.Debug|Any CPU.ActiveCfg = Debug|Any CPU
		{B683F1DC-4BB1-4F65-AE9A-8DE27F01859D}.Debug|Any CPU.Build.0 = Debug|Any CPU
		{B683F1DC-4BB1-4F65-AE9A-8DE27F01859D}.Release|Any CPU.ActiveCfg = Release|Any CPU
		{B683F1DC-4BB1-4F65-AE9A-8DE27F01859D}.Release|Any CPU.Build.0 = Release|Any CPU
		{D6BBDF45-DDAA-4DE7-B06D-2732FFAF4E3A}.Debug|Any CPU.ActiveCfg = Debug|Any CPU
		{D6BBDF45-DDAA-4DE7-B06D-2732FFAF4E3A}.Debug|Any CPU.Build.0 = Debug|Any CPU
		{D6BBDF45-DDAA-4DE7-B06D-2732FFAF4E3A}.Release|Any CPU.ActiveCfg = Release|Any CPU
		{D6BBDF45-DDAA-4DE7-B06D-2732FFAF4E3A}.Release|Any CPU.Build.0 = Release|Any CPU
		{8E3AB8CA-6A36-4337-9057-10F094E105D5}.Debug|Any CPU.ActiveCfg = Debug|Any CPU
		{8E3AB8CA-6A36-4337-9057-10F094E105D5}.Debug|Any CPU.Build.0 = Debug|Any CPU
		{8E3AB8CA-6A36-4337-9057-10F094E105D5}.Release|Any CPU.ActiveCfg = Release|Any CPU
		{8E3AB8CA-6A36-4337-9057-10F094E105D5}.Release|Any CPU.Build.0 = Release|Any CPU
		{08011070-D69D-44FA-B53E-5187E8A46672}.Debug|Any CPU.ActiveCfg = Debug|Any CPU
		{08011070-D69D-44FA-B53E-5187E8A46672}.Debug|Any CPU.Build.0 = Debug|Any CPU
		{08011070-D69D-44FA-B53E-5187E8A46672}.Release|Any CPU.ActiveCfg = Release|Any CPU
		{08011070-D69D-44FA-B53E-5187E8A46672}.Release|Any CPU.Build.0 = Release|Any CPU
		{492785CB-1E1D-4509-901F-DFADE8BAF0B1}.Debug|Any CPU.ActiveCfg = Debug|Any CPU
		{492785CB-1E1D-4509-901F-DFADE8BAF0B1}.Debug|Any CPU.Build.0 = Debug|Any CPU
		{492785CB-1E1D-4509-901F-DFADE8BAF0B1}.Release|Any CPU.ActiveCfg = Release|Any CPU
		{492785CB-1E1D-4509-901F-DFADE8BAF0B1}.Release|Any CPU.Build.0 = Release|Any CPU
		{12ECC0E1-E2BF-40E9-B954-ECB48035842E}.Debug|Any CPU.ActiveCfg = Debug|Any CPU
		{12ECC0E1-E2BF-40E9-B954-ECB48035842E}.Debug|Any CPU.Build.0 = Debug|Any CPU
		{12ECC0E1-E2BF-40E9-B954-ECB48035842E}.Release|Any CPU.ActiveCfg = Release|Any CPU
		{12ECC0E1-E2BF-40E9-B954-ECB48035842E}.Release|Any CPU.Build.0 = Release|Any CPU
		{045724CB-660F-4D08-BB39-3B8D81701F27}.Debug|Any CPU.ActiveCfg = Debug|Any CPU
		{045724CB-660F-4D08-BB39-3B8D81701F27}.Debug|Any CPU.Build.0 = Debug|Any CPU
		{045724CB-660F-4D08-BB39-3B8D81701F27}.Release|Any CPU.ActiveCfg = Release|Any CPU
		{045724CB-660F-4D08-BB39-3B8D81701F27}.Release|Any CPU.Build.0 = Release|Any CPU
		{AF5ECD46-BA48-4AFE-93B0-A8C825DDD224}.Debug|Any CPU.ActiveCfg = Debug|Any CPU
		{AF5ECD46-BA48-4AFE-93B0-A8C825DDD224}.Debug|Any CPU.Build.0 = Debug|Any CPU
		{AF5ECD46-BA48-4AFE-93B0-A8C825DDD224}.Release|Any CPU.ActiveCfg = Release|Any CPU
		{AF5ECD46-BA48-4AFE-93B0-A8C825DDD224}.Release|Any CPU.Build.0 = Release|Any CPU
		{077285B7-1247-4C73-9A57-9CCF671FEF94}.Debug|Any CPU.ActiveCfg = Debug|Any CPU
		{077285B7-1247-4C73-9A57-9CCF671FEF94}.Debug|Any CPU.Build.0 = Debug|Any CPU
		{077285B7-1247-4C73-9A57-9CCF671FEF94}.Release|Any CPU.ActiveCfg = Release|Any CPU
		{077285B7-1247-4C73-9A57-9CCF671FEF94}.Release|Any CPU.Build.0 = Release|Any CPU
		{E8B2B57C-8256-4E12-9C6B-B1A50BC6E5C3}.Debug|Any CPU.ActiveCfg = Debug|Any CPU
		{E8B2B57C-8256-4E12-9C6B-B1A50BC6E5C3}.Debug|Any CPU.Build.0 = Debug|Any CPU
		{E8B2B57C-8256-4E12-9C6B-B1A50BC6E5C3}.Release|Any CPU.ActiveCfg = Release|Any CPU
		{E8B2B57C-8256-4E12-9C6B-B1A50BC6E5C3}.Release|Any CPU.Build.0 = Release|Any CPU
		{D4A3D0DB-4EF5-400F-9A4C-82107E251D88}.Debug|Any CPU.ActiveCfg = Debug|Any CPU
		{D4A3D0DB-4EF5-400F-9A4C-82107E251D88}.Debug|Any CPU.Build.0 = Debug|Any CPU
		{D4A3D0DB-4EF5-400F-9A4C-82107E251D88}.Release|Any CPU.ActiveCfg = Release|Any CPU
		{D4A3D0DB-4EF5-400F-9A4C-82107E251D88}.Release|Any CPU.Build.0 = Release|Any CPU
		{D0E7E2B3-EF58-4DA0-B549-DC055B68BA1D}.Debug|Any CPU.ActiveCfg = Debug|Any CPU
		{D0E7E2B3-EF58-4DA0-B549-DC055B68BA1D}.Debug|Any CPU.Build.0 = Debug|Any CPU
		{D0E7E2B3-EF58-4DA0-B549-DC055B68BA1D}.Release|Any CPU.ActiveCfg = Release|Any CPU
		{D0E7E2B3-EF58-4DA0-B549-DC055B68BA1D}.Release|Any CPU.Build.0 = Release|Any CPU
		{C98DE648-2C60-4015-A64D-6DF3865796BB}.Debug|Any CPU.ActiveCfg = Debug|Any CPU
		{C98DE648-2C60-4015-A64D-6DF3865796BB}.Debug|Any CPU.Build.0 = Debug|Any CPU
		{C98DE648-2C60-4015-A64D-6DF3865796BB}.Release|Any CPU.ActiveCfg = Release|Any CPU
		{C98DE648-2C60-4015-A64D-6DF3865796BB}.Release|Any CPU.Build.0 = Release|Any CPU
		{BE11DBA3-0F18-4634-8C97-837FA9A945BF}.Debug|Any CPU.ActiveCfg = Debug|Any CPU
		{BE11DBA3-0F18-4634-8C97-837FA9A945BF}.Debug|Any CPU.Build.0 = Debug|Any CPU
		{BE11DBA3-0F18-4634-8C97-837FA9A945BF}.Release|Any CPU.ActiveCfg = Release|Any CPU
		{BE11DBA3-0F18-4634-8C97-837FA9A945BF}.Release|Any CPU.Build.0 = Release|Any CPU
		{17509232-7744-4B39-8D15-D8F383E6A7D7}.Debug|Any CPU.ActiveCfg = Debug|Any CPU
		{17509232-7744-4B39-8D15-D8F383E6A7D7}.Debug|Any CPU.Build.0 = Debug|Any CPU
		{17509232-7744-4B39-8D15-D8F383E6A7D7}.Release|Any CPU.ActiveCfg = Release|Any CPU
		{17509232-7744-4B39-8D15-D8F383E6A7D7}.Release|Any CPU.Build.0 = Release|Any CPU
		{782CACAF-F26D-4F9F-87C3-B6AF2A34E3C3}.Debug|Any CPU.ActiveCfg = Debug|Any CPU
		{782CACAF-F26D-4F9F-87C3-B6AF2A34E3C3}.Debug|Any CPU.Build.0 = Debug|Any CPU
		{782CACAF-F26D-4F9F-87C3-B6AF2A34E3C3}.Release|Any CPU.ActiveCfg = Release|Any CPU
		{782CACAF-F26D-4F9F-87C3-B6AF2A34E3C3}.Release|Any CPU.Build.0 = Release|Any CPU
		{492D10F3-71A7-45DE-AFEA-37D4123AD317}.Debug|Any CPU.ActiveCfg = Debug|Any CPU
		{492D10F3-71A7-45DE-AFEA-37D4123AD317}.Debug|Any CPU.Build.0 = Debug|Any CPU
		{492D10F3-71A7-45DE-AFEA-37D4123AD317}.Release|Any CPU.ActiveCfg = Release|Any CPU
		{492D10F3-71A7-45DE-AFEA-37D4123AD317}.Release|Any CPU.Build.0 = Release|Any CPU
		{840E8ADB-BC25-47B3-84BB-480509336CCD}.Debug|Any CPU.ActiveCfg = Debug|Any CPU
		{840E8ADB-BC25-47B3-84BB-480509336CCD}.Debug|Any CPU.Build.0 = Debug|Any CPU
		{840E8ADB-BC25-47B3-84BB-480509336CCD}.Release|Any CPU.ActiveCfg = Release|Any CPU
		{840E8ADB-BC25-47B3-84BB-480509336CCD}.Release|Any CPU.Build.0 = Release|Any CPU
		{537C60DA-7D8B-4095-A216-392E92A8DFB2}.Debug|Any CPU.ActiveCfg = Debug|Any CPU
		{537C60DA-7D8B-4095-A216-392E92A8DFB2}.Debug|Any CPU.Build.0 = Debug|Any CPU
		{537C60DA-7D8B-4095-A216-392E92A8DFB2}.Release|Any CPU.ActiveCfg = Release|Any CPU
		{537C60DA-7D8B-4095-A216-392E92A8DFB2}.Release|Any CPU.Build.0 = Release|Any CPU
		{2DEDD19B-9934-4B29-8D77-7222DAB5F11B}.Debug|Any CPU.ActiveCfg = Debug|Any CPU
		{2DEDD19B-9934-4B29-8D77-7222DAB5F11B}.Debug|Any CPU.Build.0 = Debug|Any CPU
		{2DEDD19B-9934-4B29-8D77-7222DAB5F11B}.Release|Any CPU.ActiveCfg = Release|Any CPU
		{2DEDD19B-9934-4B29-8D77-7222DAB5F11B}.Release|Any CPU.Build.0 = Release|Any CPU
		{7D1D21B7-925F-427A-8210-08F781FFC138}.Debug|Any CPU.ActiveCfg = Debug|Any CPU
		{7D1D21B7-925F-427A-8210-08F781FFC138}.Debug|Any CPU.Build.0 = Debug|Any CPU
		{7D1D21B7-925F-427A-8210-08F781FFC138}.Release|Any CPU.ActiveCfg = Release|Any CPU
		{7D1D21B7-925F-427A-8210-08F781FFC138}.Release|Any CPU.Build.0 = Release|Any CPU
		{3C53766B-BCF9-4BB7-B3BC-1DCD435FC1C2}.Debug|Any CPU.ActiveCfg = Debug|Any CPU
		{3C53766B-BCF9-4BB7-B3BC-1DCD435FC1C2}.Debug|Any CPU.Build.0 = Debug|Any CPU
		{3C53766B-BCF9-4BB7-B3BC-1DCD435FC1C2}.Release|Any CPU.ActiveCfg = Release|Any CPU
		{3C53766B-BCF9-4BB7-B3BC-1DCD435FC1C2}.Release|Any CPU.Build.0 = Release|Any CPU
		{AC8C8D36-2CB1-4915-B2C0-03D9C8988DB4}.Debug|Any CPU.ActiveCfg = Debug|Any CPU
		{AC8C8D36-2CB1-4915-B2C0-03D9C8988DB4}.Debug|Any CPU.Build.0 = Debug|Any CPU
		{AC8C8D36-2CB1-4915-B2C0-03D9C8988DB4}.Release|Any CPU.ActiveCfg = Release|Any CPU
		{AC8C8D36-2CB1-4915-B2C0-03D9C8988DB4}.Release|Any CPU.Build.0 = Release|Any CPU
		{F13AFD7E-DA36-4CA4-809E-2A869D7443F9}.Debug|Any CPU.ActiveCfg = Debug|Any CPU
		{F13AFD7E-DA36-4CA4-809E-2A869D7443F9}.Debug|Any CPU.Build.0 = Debug|Any CPU
		{F13AFD7E-DA36-4CA4-809E-2A869D7443F9}.Release|Any CPU.ActiveCfg = Release|Any CPU
		{F13AFD7E-DA36-4CA4-809E-2A869D7443F9}.Release|Any CPU.Build.0 = Release|Any CPU
		{9C3C4716-7296-444C-AF9F-4AEA7208B22D}.Debug|Any CPU.ActiveCfg = Debug|Any CPU
		{9C3C4716-7296-444C-AF9F-4AEA7208B22D}.Debug|Any CPU.Build.0 = Debug|Any CPU
		{9C3C4716-7296-444C-AF9F-4AEA7208B22D}.Release|Any CPU.ActiveCfg = Release|Any CPU
		{9C3C4716-7296-444C-AF9F-4AEA7208B22D}.Release|Any CPU.Build.0 = Release|Any CPU
		{83425927-5446-4D81-84C1-9FAD491932C8}.Debug|Any CPU.ActiveCfg = Debug|Any CPU
		{83425927-5446-4D81-84C1-9FAD491932C8}.Debug|Any CPU.Build.0 = Debug|Any CPU
		{83425927-5446-4D81-84C1-9FAD491932C8}.Release|Any CPU.ActiveCfg = Release|Any CPU
		{83425927-5446-4D81-84C1-9FAD491932C8}.Release|Any CPU.Build.0 = Release|Any CPU
		{361DA35B-B334-4E36-A7AB-EFC57A3BC486}.Debug|Any CPU.ActiveCfg = Debug|Any CPU
		{361DA35B-B334-4E36-A7AB-EFC57A3BC486}.Debug|Any CPU.Build.0 = Debug|Any CPU
		{361DA35B-B334-4E36-A7AB-EFC57A3BC486}.Release|Any CPU.ActiveCfg = Release|Any CPU
		{361DA35B-B334-4E36-A7AB-EFC57A3BC486}.Release|Any CPU.Build.0 = Release|Any CPU
		{BBC576F6-B686-4005-BE8E-0AA2D17A14DE}.Debug|Any CPU.ActiveCfg = Debug|Any CPU
		{BBC576F6-B686-4005-BE8E-0AA2D17A14DE}.Debug|Any CPU.Build.0 = Debug|Any CPU
		{BBC576F6-B686-4005-BE8E-0AA2D17A14DE}.Release|Any CPU.ActiveCfg = Release|Any CPU
		{BBC576F6-B686-4005-BE8E-0AA2D17A14DE}.Release|Any CPU.Build.0 = Release|Any CPU
		{9B6DB564-300F-4455-B7D4-65ABCE2D4C2B}.Debug|Any CPU.ActiveCfg = Debug|Any CPU
		{9B6DB564-300F-4455-B7D4-65ABCE2D4C2B}.Debug|Any CPU.Build.0 = Debug|Any CPU
		{9B6DB564-300F-4455-B7D4-65ABCE2D4C2B}.Release|Any CPU.ActiveCfg = Release|Any CPU
		{9B6DB564-300F-4455-B7D4-65ABCE2D4C2B}.Release|Any CPU.Build.0 = Release|Any CPU
		{A31A372E-6CC1-4858-AE15-304BAB4CBB2F}.Debug|Any CPU.ActiveCfg = Debug|Any CPU
		{A31A372E-6CC1-4858-AE15-304BAB4CBB2F}.Debug|Any CPU.Build.0 = Debug|Any CPU
		{A31A372E-6CC1-4858-AE15-304BAB4CBB2F}.Release|Any CPU.ActiveCfg = Release|Any CPU
		{A31A372E-6CC1-4858-AE15-304BAB4CBB2F}.Release|Any CPU.Build.0 = Release|Any CPU
		{99646229-9BCE-4745-A7B4-AE36F486ECE0}.Debug|Any CPU.ActiveCfg = Debug|Any CPU
		{99646229-9BCE-4745-A7B4-AE36F486ECE0}.Debug|Any CPU.Build.0 = Debug|Any CPU
		{99646229-9BCE-4745-A7B4-AE36F486ECE0}.Release|Any CPU.ActiveCfg = Release|Any CPU
		{99646229-9BCE-4745-A7B4-AE36F486ECE0}.Release|Any CPU.Build.0 = Release|Any CPU
		{EFB8AF6A-EA8F-4805-B4C1-46CD6B72E45B}.Debug|Any CPU.ActiveCfg = Debug|Any CPU
		{EFB8AF6A-EA8F-4805-B4C1-46CD6B72E45B}.Debug|Any CPU.Build.0 = Debug|Any CPU
		{EFB8AF6A-EA8F-4805-B4C1-46CD6B72E45B}.Release|Any CPU.ActiveCfg = Release|Any CPU
		{EFB8AF6A-EA8F-4805-B4C1-46CD6B72E45B}.Release|Any CPU.Build.0 = Release|Any CPU
		{7E0711AA-36B4-4F56-AEBC-7D3B2BAE4B85}.Debug|Any CPU.ActiveCfg = Debug|Any CPU
		{7E0711AA-36B4-4F56-AEBC-7D3B2BAE4B85}.Debug|Any CPU.Build.0 = Debug|Any CPU
		{7E0711AA-36B4-4F56-AEBC-7D3B2BAE4B85}.Release|Any CPU.ActiveCfg = Release|Any CPU
		{7E0711AA-36B4-4F56-AEBC-7D3B2BAE4B85}.Release|Any CPU.Build.0 = Release|Any CPU
		{93040D85-5382-4C8A-9199-97B166B6547B}.Debug|Any CPU.ActiveCfg = Debug|Any CPU
		{93040D85-5382-4C8A-9199-97B166B6547B}.Debug|Any CPU.Build.0 = Debug|Any CPU
		{93040D85-5382-4C8A-9199-97B166B6547B}.Release|Any CPU.ActiveCfg = Release|Any CPU
		{93040D85-5382-4C8A-9199-97B166B6547B}.Release|Any CPU.Build.0 = Release|Any CPU
		{8DB6AB0C-EB30-452C-8FBF-942E3F474AFF}.Debug|Any CPU.ActiveCfg = Debug|Any CPU
		{8DB6AB0C-EB30-452C-8FBF-942E3F474AFF}.Debug|Any CPU.Build.0 = Debug|Any CPU
		{8DB6AB0C-EB30-452C-8FBF-942E3F474AFF}.Release|Any CPU.ActiveCfg = Release|Any CPU
		{8DB6AB0C-EB30-452C-8FBF-942E3F474AFF}.Release|Any CPU.Build.0 = Release|Any CPU
		{F89B21A8-0DC6-4125-9F4C-874D0B9DEBAC}.Debug|Any CPU.ActiveCfg = Debug|Any CPU
		{F89B21A8-0DC6-4125-9F4C-874D0B9DEBAC}.Debug|Any CPU.Build.0 = Debug|Any CPU
		{F89B21A8-0DC6-4125-9F4C-874D0B9DEBAC}.Release|Any CPU.ActiveCfg = Release|Any CPU
		{F89B21A8-0DC6-4125-9F4C-874D0B9DEBAC}.Release|Any CPU.Build.0 = Release|Any CPU
		{6CB03E1C-669A-4A2D-874C-EB81D6DA0EE1}.Debug|Any CPU.ActiveCfg = Debug|Any CPU
		{6CB03E1C-669A-4A2D-874C-EB81D6DA0EE1}.Debug|Any CPU.Build.0 = Debug|Any CPU
		{6CB03E1C-669A-4A2D-874C-EB81D6DA0EE1}.Release|Any CPU.ActiveCfg = Release|Any CPU
		{6CB03E1C-669A-4A2D-874C-EB81D6DA0EE1}.Release|Any CPU.Build.0 = Release|Any CPU
		{D7646933-14F0-4755-B371-900BDFFFCC1B}.Debug|Any CPU.ActiveCfg = Debug|Any CPU
		{D7646933-14F0-4755-B371-900BDFFFCC1B}.Debug|Any CPU.Build.0 = Debug|Any CPU
		{D7646933-14F0-4755-B371-900BDFFFCC1B}.Release|Any CPU.ActiveCfg = Release|Any CPU
		{D7646933-14F0-4755-B371-900BDFFFCC1B}.Release|Any CPU.Build.0 = Release|Any CPU
		{CB6ED01B-5FA8-40DE-8070-49B29DF7187E}.Debug|Any CPU.ActiveCfg = Debug|Any CPU
		{CB6ED01B-5FA8-40DE-8070-49B29DF7187E}.Debug|Any CPU.Build.0 = Debug|Any CPU
		{CB6ED01B-5FA8-40DE-8070-49B29DF7187E}.Release|Any CPU.ActiveCfg = Release|Any CPU
		{CB6ED01B-5FA8-40DE-8070-49B29DF7187E}.Release|Any CPU.Build.0 = Release|Any CPU
		{79B772AF-E31C-4DA3-805F-D7A416974630}.Debug|Any CPU.ActiveCfg = Debug|Any CPU
		{79B772AF-E31C-4DA3-805F-D7A416974630}.Debug|Any CPU.Build.0 = Debug|Any CPU
		{79B772AF-E31C-4DA3-805F-D7A416974630}.Release|Any CPU.ActiveCfg = Release|Any CPU
		{79B772AF-E31C-4DA3-805F-D7A416974630}.Release|Any CPU.Build.0 = Release|Any CPU
		{F5C34D1D-5AF9-4817-BF9A-4541EF6F2310}.Debug|Any CPU.ActiveCfg = Debug|Any CPU
		{F5C34D1D-5AF9-4817-BF9A-4541EF6F2310}.Debug|Any CPU.Build.0 = Debug|Any CPU
		{F5C34D1D-5AF9-4817-BF9A-4541EF6F2310}.Release|Any CPU.ActiveCfg = Release|Any CPU
		{F5C34D1D-5AF9-4817-BF9A-4541EF6F2310}.Release|Any CPU.Build.0 = Release|Any CPU
		{B6B92533-F46E-46BD-ADCC-B62E49E9C3A2}.Debug|Any CPU.ActiveCfg = Debug|Any CPU
		{B6B92533-F46E-46BD-ADCC-B62E49E9C3A2}.Debug|Any CPU.Build.0 = Debug|Any CPU
		{B6B92533-F46E-46BD-ADCC-B62E49E9C3A2}.Release|Any CPU.ActiveCfg = Release|Any CPU
		{B6B92533-F46E-46BD-ADCC-B62E49E9C3A2}.Release|Any CPU.Build.0 = Release|Any CPU
		{DBD6F338-C863-4B1D-A4AD-E8442FF5574D}.Debug|Any CPU.ActiveCfg = Debug|Any CPU
		{DBD6F338-C863-4B1D-A4AD-E8442FF5574D}.Debug|Any CPU.Build.0 = Debug|Any CPU
		{DBD6F338-C863-4B1D-A4AD-E8442FF5574D}.Release|Any CPU.ActiveCfg = Release|Any CPU
		{DBD6F338-C863-4B1D-A4AD-E8442FF5574D}.Release|Any CPU.Build.0 = Release|Any CPU
		{7874C08D-12C6-4876-919A-F1C0F98C762E}.Debug|Any CPU.ActiveCfg = Debug|Any CPU
		{7874C08D-12C6-4876-919A-F1C0F98C762E}.Debug|Any CPU.Build.0 = Debug|Any CPU
		{7874C08D-12C6-4876-919A-F1C0F98C762E}.Release|Any CPU.ActiveCfg = Release|Any CPU
		{7874C08D-12C6-4876-919A-F1C0F98C762E}.Release|Any CPU.Build.0 = Release|Any CPU
		{C6EF01E9-CB90-49FF-9F60-327EEDD52835}.Debug|Any CPU.ActiveCfg = Debug|Any CPU
		{C6EF01E9-CB90-49FF-9F60-327EEDD52835}.Debug|Any CPU.Build.0 = Debug|Any CPU
		{C6EF01E9-CB90-49FF-9F60-327EEDD52835}.Release|Any CPU.ActiveCfg = Release|Any CPU
		{C6EF01E9-CB90-49FF-9F60-327EEDD52835}.Release|Any CPU.Build.0 = Release|Any CPU
		{F8D6CA3C-56C1-46AA-B4C9-3E0DE2826DBE}.Debug|Any CPU.ActiveCfg = Debug|Any CPU
		{F8D6CA3C-56C1-46AA-B4C9-3E0DE2826DBE}.Debug|Any CPU.Build.0 = Debug|Any CPU
		{F8D6CA3C-56C1-46AA-B4C9-3E0DE2826DBE}.Release|Any CPU.ActiveCfg = Release|Any CPU
		{F8D6CA3C-56C1-46AA-B4C9-3E0DE2826DBE}.Release|Any CPU.Build.0 = Release|Any CPU
		{619014E5-6B49-4398-B7F9-E06A9321146E}.Debug|Any CPU.ActiveCfg = Debug|Any CPU
		{619014E5-6B49-4398-B7F9-E06A9321146E}.Debug|Any CPU.Build.0 = Debug|Any CPU
		{619014E5-6B49-4398-B7F9-E06A9321146E}.Release|Any CPU.ActiveCfg = Release|Any CPU
		{619014E5-6B49-4398-B7F9-E06A9321146E}.Release|Any CPU.Build.0 = Release|Any CPU
		{FB663C5D-5EA2-44A8-9A59-CA9A1F791180}.Debug|Any CPU.ActiveCfg = Debug|Any CPU
		{FB663C5D-5EA2-44A8-9A59-CA9A1F791180}.Debug|Any CPU.Build.0 = Debug|Any CPU
		{FB663C5D-5EA2-44A8-9A59-CA9A1F791180}.Release|Any CPU.ActiveCfg = Release|Any CPU
		{FB663C5D-5EA2-44A8-9A59-CA9A1F791180}.Release|Any CPU.Build.0 = Release|Any CPU
	EndGlobalSection
	GlobalSection(SolutionProperties) = preSolution
		HideSolutionNode = FALSE
	EndGlobalSection
	GlobalSection(ExtensibilityGlobals) = postSolution
		SolutionGuid = {82B998FC-4541-4DE1-9AB5-1A0C2C9B10C4}
	EndGlobalSection
EndGlobal
