
Microsoft Visual Studio Solution File, Format Version 12.00
# Visual Studio Version 17
VisualStudioVersion = 17.8.34330.188
MinimumVisualStudioVersion = 10.0.40219.1
Project("{9A19103F-16F7-4668-BE54-9A1E7A4F7556}") = "Lesson2", "Lesson2\Lesson2.csproj", "{D32ACEDF-05D5-461C-8635-EEC827E8B635}"
EndProject
Project("{9A19103F-16F7-4668-BE54-9A1E7A4F7556}") = "Lesson3", "Lesson3\Lesson3.csproj", "{AD81BA6A-BF5B-436F-B2E5-85DADAB5380D}"
EndProject
Project("{9A19103F-16F7-4668-BE54-9A1E7A4F7556}") = "Lesson4", "Lesson4\Lesson4.csproj", "{E5C2B989-E1C9-4C9C-9ADE-AA6CB295F07E}"
EndProject
Project("{9A19103F-16F7-4668-BE54-9A1E7A4F7556}") = "Lesson5", "Lesson5\Lesson5.csproj", "{04B4FC12-ED12-4915-89DE-D764EF05C1CE}"
EndProject
Project("{9A19103F-16F7-4668-BE54-9A1E7A4F7556}") = "Lesson6", "Lesson6\Lesson6.csproj", "{7AE0EC64-8FD1-44DF-AB9E-AFCFEA56A487}"
EndProject
Project("{9A19103F-16F7-4668-BE54-9A1E7A4F7556}") = "Lesson7", "Lesson7\Lesson7.csproj", "{B683F1DC-4BB1-4F65-AE9A-8DE27F01859D}"
EndProject
Project("{9A19103F-16F7-4668-BE54-9A1E7A4F7556}") = "Lesson8", "Lesson8\Lesson8.csproj", "{D6BBDF45-DDAA-4DE7-B06D-2732FFAF4E3A}"
EndProject
Project("{9A19103F-16F7-4668-BE54-9A1E7A4F7556}") = "Lesson9", "Lesson9\Lesson9.csproj", "{8E3AB8CA-6A36-4337-9057-10F094E105D5}"
EndProject
Project("{FAE04EC0-301F-11D3-BF4B-00C04F79EFBC}") = "Lesson10", "Lesson10\Lesson10.csproj", "{08011070-D69D-44FA-B53E-5187E8A46672}"
EndProject
Project("{FAE04EC0-301F-11D3-BF4B-00C04F79EFBC}") = "Lesson11", "Lesson11\Lesson11.csproj", "{492785CB-1E1D-4509-901F-DFADE8BAF0B1}"
EndProject
Project("{FAE04EC0-301F-11D3-BF4B-00C04F79EFBC}") = "Lesson12", "Lesson12\Lesson12.csproj", "{12ECC0E1-E2BF-40E9-B954-ECB48035842E}"
EndProject
Project("{FAE04EC0-301F-11D3-BF4B-00C04F79EFBC}") = "Lesson13", "Lesson13\Lesson13.csproj", "{045724CB-660F-4D08-BB39-3B8D81701F27}"
EndProject
Project("{FAE04EC0-301F-11D3-BF4B-00C04F79EFBC}") = "Lesson14", "Lesson14\Lesson14.csproj", "{AF5ECD46-BA48-4AFE-93B0-A8C825DDD224}"
EndProject
Project("{FAE04EC0-301F-11D3-BF4B-00C04F79EFBC}") = "Lesson15", "Lesson15\Lesson15.csproj", "{077285B7-1247-4C73-9A57-9CCF671FEF94}"
EndProject
Project("{FAE04EC0-301F-11D3-BF4B-00C04F79EFBC}") = "Lesson16", "Lesson16\Lesson16.csproj", "{E8B2B57C-8256-4E12-9C6B-B1A50BC6E5C3}"
EndProject
Project("{FAE04EC0-301F-11D3-BF4B-00C04F79EFBC}") = "Lesson17", "Lesson17\Lesson17.csproj", "{D4A3D0DB-4EF5-400F-9A4C-82107E251D88}"
EndProject
Project("{FAE04EC0-301F-11D3-BF4B-00C04F79EFBC}") = "Lesson18", "Lesson18\Lesson18.csproj", "{D0E7E2B3-EF58-4DA0-B549-DC055B68BA1D}"
EndProject
Project("{FAE04EC0-301F-11D3-BF4B-00C04F79EFBC}") = "Lesson19", "Lesson19\Lesson19.csproj", "{C98DE648-2C60-4015-A64D-6DF3865796BB}"
EndProject
Global
	GlobalSection(SolutionConfigurationPlatforms) = preSolution
		Debug|Any CPU = Debug|Any CPU
		Release|Any CPU = Release|Any CPU
	EndGlobalSection
	GlobalSection(ProjectConfigurationPlatforms) = postSolution
		{D32ACEDF-05D5-461C-8635-EEC827E8B635}.Debug|Any CPU.ActiveCfg = Debug|Any CPU
		{D32ACEDF-05D5-461C-8635-EEC827E8B635}.Debug|Any CPU.Build.0 = Debug|Any CPU
		{D32ACEDF-05D5-461C-8635-EEC827E8B635}.Release|Any CPU.ActiveCfg = Release|Any CPU
		{D32ACEDF-05D5-461C-8635-EEC827E8B635}.Release|Any CPU.Build.0 = Release|Any CPU
		{AD81BA6A-BF5B-436F-B2E5-85DADAB5380D}.Debug|Any CPU.ActiveCfg = Debug|Any CPU
		{AD81BA6A-BF5B-436F-B2E5-85DADAB5380D}.Debug|Any CPU.Build.0 = Debug|Any CPU
		{AD81BA6A-BF5B-436F-B2E5-85DADAB5380D}.Release|Any CPU.ActiveCfg = Release|Any CPU
		{AD81BA6A-BF5B-436F-B2E5-85DADAB5380D}.Release|Any CPU.Build.0 = Release|Any CPU
		{E5C2B989-E1C9-4C9C-9ADE-AA6CB295F07E}.Debug|Any CPU.ActiveCfg = Debug|Any CPU
		{E5C2B989-E1C9-4C9C-9ADE-AA6CB295F07E}.Debug|Any CPU.Build.0 = Debug|Any CPU
		{E5C2B989-E1C9-4C9C-9ADE-AA6CB295F07E}.Release|Any CPU.ActiveCfg = Release|Any CPU
		{E5C2B989-E1C9-4C9C-9ADE-AA6CB295F07E}.Release|Any CPU.Build.0 = Release|Any CPU
		{04B4FC12-ED12-4915-89DE-D764EF05C1CE}.Debug|Any CPU.ActiveCfg = Debug|Any CPU
		{04B4FC12-ED12-4915-89DE-D764EF05C1CE}.Debug|Any CPU.Build.0 = Debug|Any CPU
		{04B4FC12-ED12-4915-89DE-D764EF05C1CE}.Release|Any CPU.ActiveCfg = Release|Any CPU
		{04B4FC12-ED12-4915-89DE-D764EF05C1CE}.Release|Any CPU.Build.0 = Release|Any CPU
		{7AE0EC64-8FD1-44DF-AB9E-AFCFEA56A487}.Debug|Any CPU.ActiveCfg = Debug|Any CPU
		{7AE0EC64-8FD1-44DF-AB9E-AFCFEA56A487}.Debug|Any CPU.Build.0 = Debug|Any CPU
		{7AE0EC64-8FD1-44DF-AB9E-AFCFEA56A487}.Release|Any CPU.ActiveCfg = Release|Any CPU
		{7AE0EC64-8FD1-44DF-AB9E-AFCFEA56A487}.Release|Any CPU.Build.0 = Release|Any CPU
		{B683F1DC-4BB1-4F65-AE9A-8DE27F01859D}.Debug|Any CPU.ActiveCfg = Debug|Any CPU
		{B683F1DC-4BB1-4F65-AE9A-8DE27F01859D}.Debug|Any CPU.Build.0 = Debug|Any CPU
		{B683F1DC-4BB1-4F65-AE9A-8DE27F01859D}.Release|Any CPU.ActiveCfg = Release|Any CPU
		{B683F1DC-4BB1-4F65-AE9A-8DE27F01859D}.Release|Any CPU.Build.0 = Release|Any CPU
		{D6BBDF45-DDAA-4DE7-B06D-2732FFAF4E3A}.Debug|Any CPU.ActiveCfg = Debug|Any CPU
		{D6BBDF45-DDAA-4DE7-B06D-2732FFAF4E3A}.Debug|Any CPU.Build.0 = Debug|Any CPU
		{D6BBDF45-DDAA-4DE7-B06D-2732FFAF4E3A}.Release|Any CPU.ActiveCfg = Release|Any CPU
		{D6BBDF45-DDAA-4DE7-B06D-2732FFAF4E3A}.Release|Any CPU.Build.0 = Release|Any CPU
		{8E3AB8CA-6A36-4337-9057-10F094E105D5}.Debug|Any CPU.ActiveCfg = Debug|Any CPU
		{8E3AB8CA-6A36-4337-9057-10F094E105D5}.Debug|Any CPU.Build.0 = Debug|Any CPU
		{8E3AB8CA-6A36-4337-9057-10F094E105D5}.Release|Any CPU.ActiveCfg = Release|Any CPU
		{8E3AB8CA-6A36-4337-9057-10F094E105D5}.Release|Any CPU.Build.0 = Release|Any CPU
		{08011070-D69D-44FA-B53E-5187E8A46672}.Debug|Any CPU.ActiveCfg = Debug|Any CPU
		{08011070-D69D-44FA-B53E-5187E8A46672}.Debug|Any CPU.Build.0 = Debug|Any CPU
		{08011070-D69D-44FA-B53E-5187E8A46672}.Release|Any CPU.ActiveCfg = Release|Any CPU
		{08011070-D69D-44FA-B53E-5187E8A46672}.Release|Any CPU.Build.0 = Release|Any CPU
		{492785CB-1E1D-4509-901F-DFADE8BAF0B1}.Debug|Any CPU.ActiveCfg = Debug|Any CPU
		{492785CB-1E1D-4509-901F-DFADE8BAF0B1}.Debug|Any CPU.Build.0 = Debug|Any CPU
		{492785CB-1E1D-4509-901F-DFADE8BAF0B1}.Release|Any CPU.ActiveCfg = Release|Any CPU
		{492785CB-1E1D-4509-901F-DFADE8BAF0B1}.Release|Any CPU.Build.0 = Release|Any CPU
		{12ECC0E1-E2BF-40E9-B954-ECB48035842E}.Debug|Any CPU.ActiveCfg = Debug|Any CPU
		{12ECC0E1-E2BF-40E9-B954-ECB48035842E}.Debug|Any CPU.Build.0 = Debug|Any CPU
		{12ECC0E1-E2BF-40E9-B954-ECB48035842E}.Release|Any CPU.ActiveCfg = Release|Any CPU
		{12ECC0E1-E2BF-40E9-B954-ECB48035842E}.Release|Any CPU.Build.0 = Release|Any CPU
		{045724CB-660F-4D08-BB39-3B8D81701F27}.Debug|Any CPU.ActiveCfg = Debug|Any CPU
		{045724CB-660F-4D08-BB39-3B8D81701F27}.Debug|Any CPU.Build.0 = Debug|Any CPU
		{045724CB-660F-4D08-BB39-3B8D81701F27}.Release|Any CPU.ActiveCfg = Release|Any CPU
		{045724CB-660F-4D08-BB39-3B8D81701F27}.Release|Any CPU.Build.0 = Release|Any CPU
		{AF5ECD46-BA48-4AFE-93B0-A8C825DDD224}.Debug|Any CPU.ActiveCfg = Debug|Any CPU
		{AF5ECD46-BA48-4AFE-93B0-A8C825DDD224}.Debug|Any CPU.Build.0 = Debug|Any CPU
		{AF5ECD46-BA48-4AFE-93B0-A8C825DDD224}.Release|Any CPU.ActiveCfg = Release|Any CPU
		{AF5ECD46-BA48-4AFE-93B0-A8C825DDD224}.Release|Any CPU.Build.0 = Release|Any CPU
		{077285B7-1247-4C73-9A57-9CCF671FEF94}.Debug|Any CPU.ActiveCfg = Debug|Any CPU
		{077285B7-1247-4C73-9A57-9CCF671FEF94}.Debug|Any CPU.Build.0 = Debug|Any CPU
		{077285B7-1247-4C73-9A57-9CCF671FEF94}.Release|Any CPU.ActiveCfg = Release|Any CPU
		{077285B7-1247-4C73-9A57-9CCF671FEF94}.Release|Any CPU.Build.0 = Release|Any CPU
		{E8B2B57C-8256-4E12-9C6B-B1A50BC6E5C3}.Debug|Any CPU.ActiveCfg = Debug|Any CPU
		{E8B2B57C-8256-4E12-9C6B-B1A50BC6E5C3}.Debug|Any CPU.Build.0 = Debug|Any CPU
		{E8B2B57C-8256-4E12-9C6B-B1A50BC6E5C3}.Release|Any CPU.ActiveCfg = Release|Any CPU
		{E8B2B57C-8256-4E12-9C6B-B1A50BC6E5C3}.Release|Any CPU.Build.0 = Release|Any CPU
		{D4A3D0DB-4EF5-400F-9A4C-82107E251D88}.Debug|Any CPU.ActiveCfg = Debug|Any CPU
		{D4A3D0DB-4EF5-400F-9A4C-82107E251D88}.Debug|Any CPU.Build.0 = Debug|Any CPU
		{D4A3D0DB-4EF5-400F-9A4C-82107E251D88}.Release|Any CPU.ActiveCfg = Release|Any CPU
		{D4A3D0DB-4EF5-400F-9A4C-82107E251D88}.Release|Any CPU.Build.0 = Release|Any CPU
		{D0E7E2B3-EF58-4DA0-B549-DC055B68BA1D}.Debug|Any CPU.ActiveCfg = Debug|Any CPU
		{D0E7E2B3-EF58-4DA0-B549-DC055B68BA1D}.Debug|Any CPU.Build.0 = Debug|Any CPU
		{D0E7E2B3-EF58-4DA0-B549-DC055B68BA1D}.Release|Any CPU.ActiveCfg = Release|Any CPU
		{D0E7E2B3-EF58-4DA0-B549-DC055B68BA1D}.Release|Any CPU.Build.0 = Release|Any CPU
		{C98DE648-2C60-4015-A64D-6DF3865796BB}.Debug|Any CPU.ActiveCfg = Debug|Any CPU
		{C98DE648-2C60-4015-A64D-6DF3865796BB}.Debug|Any CPU.Build.0 = Debug|Any CPU
		{C98DE648-2C60-4015-A64D-6DF3865796BB}.Release|Any CPU.ActiveCfg = Release|Any CPU
		{C98DE648-2C60-4015-A64D-6DF3865796BB}.Release|Any CPU.Build.0 = Release|Any CPU
	EndGlobalSection
	GlobalSection(SolutionProperties) = preSolution
		HideSolutionNode = FALSE
	EndGlobalSection
	GlobalSection(ExtensibilityGlobals) = postSolution
		SolutionGuid = {82B998FC-4541-4DE1-9AB5-1A0C2C9B10C4}
	EndGlobalSection
EndGlobal
